// !$*UTF8*$!
{
	archiveVersion = 1;
	classes = {
	};
	objectVersion = 48;
	objects = {

/* Begin PBXBuildFile section */
		677069D22132044F10614E6A /* libPods-MomentingUITests.a in Frameworks */ = {isa = PBXBuildFile; fileRef = F759AFD38344CD5818049317 /* libPods-MomentingUITests.a */; };
		683120101DF0E61BC4149166 /* libPods-Momenting.a in Frameworks */ = {isa = PBXBuildFile; fileRef = 339EF9E612033D7B103304CC /* libPods-Momenting.a */; };
		728034B7211A4D9600D4A9BE /* MTNoteToolsView.m in Sources */ = {isa = PBXBuildFile; fileRef = 728034B6211A4D9600D4A9BE /* MTNoteToolsView.m */; };
		728034B9211A5C7600D4A9BE /* MTNavigationView.xib in Resources */ = {isa = PBXBuildFile; fileRef = 728034B8211A5C7600D4A9BE /* MTNavigationView.xib */; };
		728034BC211A5DBF00D4A9BE /* MTNavigationView.m in Sources */ = {isa = PBXBuildFile; fileRef = 728034BB211A5DBF00D4A9BE /* MTNavigationView.m */; };
		D138E1478A5DEC49E5A98D5F /* libPods-MomentingTests.a in Frameworks */ = {isa = PBXBuildFile; fileRef = 8F871E6CE11387C8E90F083C /* libPods-MomentingTests.a */; };
		FB2989B621193BC10011025D /* AppDelegate.m in Sources */ = {isa = PBXBuildFile; fileRef = FB2989B521193BC10011025D /* AppDelegate.m */; };
		FB2989B921193BC10011025D /* ViewController.m in Sources */ = {isa = PBXBuildFile; fileRef = FB2989B821193BC10011025D /* ViewController.m */; };
		FB2989BC21193BC10011025D /* Main.storyboard in Resources */ = {isa = PBXBuildFile; fileRef = FB2989BA21193BC10011025D /* Main.storyboard */; };
		FB2989BE21193BC10011025D /* Assets.xcassets in Resources */ = {isa = PBXBuildFile; fileRef = FB2989BD21193BC10011025D /* Assets.xcassets */; };
		FB2989C121193BC10011025D /* LaunchScreen.storyboard in Resources */ = {isa = PBXBuildFile; fileRef = FB2989BF21193BC10011025D /* LaunchScreen.storyboard */; };
		FB2989C421193BC10011025D /* main.m in Sources */ = {isa = PBXBuildFile; fileRef = FB2989C321193BC10011025D /* main.m */; };
		FB2989CE21193BC10011025D /* MomentingTests.m in Sources */ = {isa = PBXBuildFile; fileRef = FB2989CD21193BC10011025D /* MomentingTests.m */; };
		FB2989D921193BC10011025D /* MomentingUITests.m in Sources */ = {isa = PBXBuildFile; fileRef = FB2989D821193BC10011025D /* MomentingUITests.m */; };
		FB2989EB211941E60011025D /* MTHomeSectionView.xib in Resources */ = {isa = PBXBuildFile; fileRef = FB2989EA211941E60011025D /* MTHomeSectionView.xib */; };
		FB2989EE2119422C0011025D /* MTHomeSectionView.m in Sources */ = {isa = PBXBuildFile; fileRef = FB2989ED2119422C0011025D /* MTHomeSectionView.m */; };
		FB2989F621199DD50011025D /* UIColor+Hex.m in Sources */ = {isa = PBXBuildFile; fileRef = FB2989F421199DD50011025D /* UIColor+Hex.m */; };
		FB2989F921199E470011025D /* UITableViewCell+Categoty.m in Sources */ = {isa = PBXBuildFile; fileRef = FB2989F821199E470011025D /* UITableViewCell+Categoty.m */; };
		FB2989FD21199E870011025D /* MTHomeTextViewCell.m in Sources */ = {isa = PBXBuildFile; fileRef = FB2989FB21199E870011025D /* MTHomeTextViewCell.m */; };
		FB2989FE21199E870011025D /* MTHomeTextViewCell.xib in Resources */ = {isa = PBXBuildFile; fileRef = FB2989FC21199E870011025D /* MTHomeTextViewCell.xib */; };
		FB298A022119B3ED0011025D /* MTNoteViewController.m in Sources */ = {isa = PBXBuildFile; fileRef = FB298A002119B3ED0011025D /* MTNoteViewController.m */; };
		FB298A032119B3ED0011025D /* MTNoteViewController.xib in Resources */ = {isa = PBXBuildFile; fileRef = FB298A012119B3ED0011025D /* MTNoteViewController.xib */; };
		FB298A052119B4840011025D /* MTNoteToolsView.xib in Resources */ = {isa = PBXBuildFile; fileRef = FB298A042119B4840011025D /* MTNoteToolsView.xib */; };
		FB9DF5BE211A7FE800200097 /* MTNoteToolsTextCell.m in Sources */ = {isa = PBXBuildFile; fileRef = FB9DF5BC211A7FE800200097 /* MTNoteToolsTextCell.m */; };
		FB9DF5BF211A7FE800200097 /* MTNoteToolsTextCell.xib in Resources */ = {isa = PBXBuildFile; fileRef = FB9DF5BD211A7FE800200097 /* MTNoteToolsTextCell.xib */; };
		FB9DF5C3211A800A00200097 /* MTNoteToolsImageCell.m in Sources */ = {isa = PBXBuildFile; fileRef = FB9DF5C1211A800A00200097 /* MTNoteToolsImageCell.m */; };
		FB9DF5C4211A800A00200097 /* MTNoteToolsImageCell.xib in Resources */ = {isa = PBXBuildFile; fileRef = FB9DF5C2211A800A00200097 /* MTNoteToolsImageCell.xib */; };
		FB9DF5C9211AB48400200097 /* MTActionSheetView.xib in Resources */ = {isa = PBXBuildFile; fileRef = FB9DF5C8211AB48400200097 /* MTActionSheetView.xib */; };
		FB9DF5CC211AD0C800200097 /* MTActionSheetView.m in Sources */ = {isa = PBXBuildFile; fileRef = FB9DF5CB211AD0C800200097 /* MTActionSheetView.m */; };
		FB9DF5CF211AF3A200200097 /* UITextView+Category.m in Sources */ = {isa = PBXBuildFile; fileRef = FB9DF5CE211AF3A200200097 /* UITextView+Category.m */; };
		FBD9DC63211BE0CB001CE04E /* MTCoreDataModel.xcdatamodeld in Sources */ = {isa = PBXBuildFile; fileRef = FBD9DC61211BE0CB001CE04E /* MTCoreDataModel.xcdatamodeld */; };
		FBD9DC98211BE657001CE04E /* MTMediaFileManager.m in Sources */ = {isa = PBXBuildFile; fileRef = FBD9DC95211BE657001CE04E /* MTMediaFileManager.m */; };
		FBD9DC99211BE657001CE04E /* MTSanboxFile.m in Sources */ = {isa = PBXBuildFile; fileRef = FBD9DC97211BE657001CE04E /* MTSanboxFile.m */; };
		FBD9DCAD211BF010001CE04E /* MTCoreDataManager.m in Sources */ = {isa = PBXBuildFile; fileRef = FBD9DCAB211BF010001CE04E /* MTCoreDataManager.m */; };
		FBD9DCB0211BF28D001CE04E /* MTCoreDataDao.m in Sources */ = {isa = PBXBuildFile; fileRef = FBD9DCAF211BF28D001CE04E /* MTCoreDataDao.m */; };
		FBD9DCC0211BF590001CE04E /* MTNoteImagePo+CoreDataClass.m in Sources */ = {isa = PBXBuildFile; fileRef = FBD9DCB3211BF590001CE04E /* MTNoteImagePo+CoreDataClass.m */; };
		FBD9DCC1211BF590001CE04E /* MTNoteImagePo+CoreDataProperties.m in Sources */ = {isa = PBXBuildFile; fileRef = FBD9DCB5211BF590001CE04E /* MTNoteImagePo+CoreDataProperties.m */; };
		FBD9DCC2211BF590001CE04E /* MTNoteModel.m in Sources */ = {isa = PBXBuildFile; fileRef = FBD9DCB7211BF590001CE04E /* MTNoteModel.m */; };
		FBD9DCC5211BF590001CE04E /* MTNoteTextPo+CoreDataClass.m in Sources */ = {isa = PBXBuildFile; fileRef = FBD9DCBD211BF590001CE04E /* MTNoteTextPo+CoreDataClass.m */; };
		FBD9DCC6211BF590001CE04E /* MTNoteTextPo+CoreDataProperties.m in Sources */ = {isa = PBXBuildFile; fileRef = FBD9DCBF211BF590001CE04E /* MTNoteTextPo+CoreDataProperties.m */; };
		FBE4A7AA211D65620099FFFE /* MTActionAlertView.xib in Resources */ = {isa = PBXBuildFile; fileRef = FBE4A7A9211D65620099FFFE /* MTActionAlertView.xib */; };
		FBE4A7AD211D68890099FFFE /* MTActionAlertView.m in Sources */ = {isa = PBXBuildFile; fileRef = FBE4A7AC211D68890099FFFE /* MTActionAlertView.m */; };
		FBE4A7B1211D731C0099FFFE /* MTDateFormatManager.m in Sources */ = {isa = PBXBuildFile; fileRef = FBE4A7B0211D731C0099FFFE /* MTDateFormatManager.m */; };
		FBEDA12A211C2BB700135D5D /* MTNotePo+CoreDataClass.m in Sources */ = {isa = PBXBuildFile; fileRef = FBEDA126211C2BB700135D5D /* MTNotePo+CoreDataClass.m */; };
		FBEDA12B211C2BB700135D5D /* MTNotePo+CoreDataProperties.m in Sources */ = {isa = PBXBuildFile; fileRef = FBEDA128211C2BB700135D5D /* MTNotePo+CoreDataProperties.m */; };
		FBEDA12E211C41F000135D5D /* MTNoteSettingView.m in Sources */ = {isa = PBXBuildFile; fileRef = FBEDA12D211C41F000135D5D /* MTNoteSettingView.m */; };
		FBEDA132211C4DB000135D5D /* MTHomeEmptyView.xib in Resources */ = {isa = PBXBuildFile; fileRef = FBEDA131211C4DB000135D5D /* MTHomeEmptyView.xib */; };
		FBEDA135211C4EFC00135D5D /* MTHomeEmptyView.m in Sources */ = {isa = PBXBuildFile; fileRef = FBEDA134211C4EFC00135D5D /* MTHomeEmptyView.m */; };
/* End PBXBuildFile section */

/* Begin PBXContainerItemProxy section */
		FB2989CA21193BC10011025D /* PBXContainerItemProxy */ = {
			isa = PBXContainerItemProxy;
			containerPortal = FB2989A921193BC10011025D /* Project object */;
			proxyType = 1;
			remoteGlobalIDString = FB2989B021193BC10011025D;
			remoteInfo = Momenting;
		};
		FB2989D521193BC10011025D /* PBXContainerItemProxy */ = {
			isa = PBXContainerItemProxy;
			containerPortal = FB2989A921193BC10011025D /* Project object */;
			proxyType = 1;
			remoteGlobalIDString = FB2989B021193BC10011025D;
			remoteInfo = Momenting;
		};
/* End PBXContainerItemProxy section */

/* Begin PBXFileReference section */
		0E871D87A53CD8759F3EA067 /* Pods-MomentingTests.release.xcconfig */ = {isa = PBXFileReference; includeInIndex = 1; lastKnownFileType = text.xcconfig; name = "Pods-MomentingTests.release.xcconfig"; path = "Pods/Target Support Files/Pods-MomentingTests/Pods-MomentingTests.release.xcconfig"; sourceTree = "<group>"; };
		339EF9E612033D7B103304CC /* libPods-Momenting.a */ = {isa = PBXFileReference; explicitFileType = archive.ar; includeInIndex = 0; path = "libPods-Momenting.a"; sourceTree = BUILT_PRODUCTS_DIR; };
		394B147571E7885531BEE82F /* Pods-MomentingTests.debug.xcconfig */ = {isa = PBXFileReference; includeInIndex = 1; lastKnownFileType = text.xcconfig; name = "Pods-MomentingTests.debug.xcconfig"; path = "Pods/Target Support Files/Pods-MomentingTests/Pods-MomentingTests.debug.xcconfig"; sourceTree = "<group>"; };
		728034B5211A4D9600D4A9BE /* MTNoteToolsView.h */ = {isa = PBXFileReference; lastKnownFileType = sourcecode.c.h; path = MTNoteToolsView.h; sourceTree = "<group>"; };
		728034B6211A4D9600D4A9BE /* MTNoteToolsView.m */ = {isa = PBXFileReference; lastKnownFileType = sourcecode.c.objc; path = MTNoteToolsView.m; sourceTree = "<group>"; };
		728034B8211A5C7600D4A9BE /* MTNavigationView.xib */ = {isa = PBXFileReference; lastKnownFileType = file.xib; path = MTNavigationView.xib; sourceTree = "<group>"; };
		728034BA211A5DBF00D4A9BE /* MTNavigationView.h */ = {isa = PBXFileReference; lastKnownFileType = sourcecode.c.h; path = MTNavigationView.h; sourceTree = "<group>"; };
		728034BB211A5DBF00D4A9BE /* MTNavigationView.m */ = {isa = PBXFileReference; lastKnownFileType = sourcecode.c.objc; path = MTNavigationView.m; sourceTree = "<group>"; };
		8718DCF41C4CCA2D889767B9 /* Pods-Momenting.debug.xcconfig */ = {isa = PBXFileReference; includeInIndex = 1; lastKnownFileType = text.xcconfig; name = "Pods-Momenting.debug.xcconfig"; path = "Pods/Target Support Files/Pods-Momenting/Pods-Momenting.debug.xcconfig"; sourceTree = "<group>"; };
		8F871E6CE11387C8E90F083C /* libPods-MomentingTests.a */ = {isa = PBXFileReference; explicitFileType = archive.ar; includeInIndex = 0; path = "libPods-MomentingTests.a"; sourceTree = BUILT_PRODUCTS_DIR; };
		9CE1ACC19912647F1BB86C06 /* Pods-MomentingUITests.debug.xcconfig */ = {isa = PBXFileReference; includeInIndex = 1; lastKnownFileType = text.xcconfig; name = "Pods-MomentingUITests.debug.xcconfig"; path = "Pods/Target Support Files/Pods-MomentingUITests/Pods-MomentingUITests.debug.xcconfig"; sourceTree = "<group>"; };
		CBE9C524DC1AB51CBB12ACF5 /* Pods-Momenting.release.xcconfig */ = {isa = PBXFileReference; includeInIndex = 1; lastKnownFileType = text.xcconfig; name = "Pods-Momenting.release.xcconfig"; path = "Pods/Target Support Files/Pods-Momenting/Pods-Momenting.release.xcconfig"; sourceTree = "<group>"; };
		F05DA3419D69EB65736AF8B7 /* Pods-MomentingUITests.release.xcconfig */ = {isa = PBXFileReference; includeInIndex = 1; lastKnownFileType = text.xcconfig; name = "Pods-MomentingUITests.release.xcconfig"; path = "Pods/Target Support Files/Pods-MomentingUITests/Pods-MomentingUITests.release.xcconfig"; sourceTree = "<group>"; };
		F759AFD38344CD5818049317 /* libPods-MomentingUITests.a */ = {isa = PBXFileReference; explicitFileType = archive.ar; includeInIndex = 0; path = "libPods-MomentingUITests.a"; sourceTree = BUILT_PRODUCTS_DIR; };
		FB2989B121193BC10011025D /* Momenting.app */ = {isa = PBXFileReference; explicitFileType = wrapper.application; includeInIndex = 0; path = Momenting.app; sourceTree = BUILT_PRODUCTS_DIR; };
		FB2989B421193BC10011025D /* AppDelegate.h */ = {isa = PBXFileReference; lastKnownFileType = sourcecode.c.h; path = AppDelegate.h; sourceTree = "<group>"; };
		FB2989B521193BC10011025D /* AppDelegate.m */ = {isa = PBXFileReference; lastKnownFileType = sourcecode.c.objc; path = AppDelegate.m; sourceTree = "<group>"; };
		FB2989B721193BC10011025D /* ViewController.h */ = {isa = PBXFileReference; lastKnownFileType = sourcecode.c.h; path = ViewController.h; sourceTree = "<group>"; };
		FB2989B821193BC10011025D /* ViewController.m */ = {isa = PBXFileReference; lastKnownFileType = sourcecode.c.objc; path = ViewController.m; sourceTree = "<group>"; };
		FB2989BB21193BC10011025D /* Base */ = {isa = PBXFileReference; lastKnownFileType = file.storyboard; name = Base; path = Base.lproj/Main.storyboard; sourceTree = "<group>"; };
		FB2989BD21193BC10011025D /* Assets.xcassets */ = {isa = PBXFileReference; lastKnownFileType = folder.assetcatalog; path = Assets.xcassets; sourceTree = "<group>"; };
		FB2989C021193BC10011025D /* Base */ = {isa = PBXFileReference; lastKnownFileType = file.storyboard; name = Base; path = Base.lproj/LaunchScreen.storyboard; sourceTree = "<group>"; };
		FB2989C221193BC10011025D /* Info.plist */ = {isa = PBXFileReference; lastKnownFileType = text.plist.xml; path = Info.plist; sourceTree = "<group>"; };
		FB2989C321193BC10011025D /* main.m */ = {isa = PBXFileReference; lastKnownFileType = sourcecode.c.objc; path = main.m; sourceTree = "<group>"; };
		FB2989C921193BC10011025D /* MomentingTests.xctest */ = {isa = PBXFileReference; explicitFileType = wrapper.cfbundle; includeInIndex = 0; path = MomentingTests.xctest; sourceTree = BUILT_PRODUCTS_DIR; };
		FB2989CD21193BC10011025D /* MomentingTests.m */ = {isa = PBXFileReference; lastKnownFileType = sourcecode.c.objc; path = MomentingTests.m; sourceTree = "<group>"; };
		FB2989CF21193BC10011025D /* Info.plist */ = {isa = PBXFileReference; lastKnownFileType = text.plist.xml; path = Info.plist; sourceTree = "<group>"; };
		FB2989D421193BC10011025D /* MomentingUITests.xctest */ = {isa = PBXFileReference; explicitFileType = wrapper.cfbundle; includeInIndex = 0; path = MomentingUITests.xctest; sourceTree = BUILT_PRODUCTS_DIR; };
		FB2989D821193BC10011025D /* MomentingUITests.m */ = {isa = PBXFileReference; lastKnownFileType = sourcecode.c.objc; path = MomentingUITests.m; sourceTree = "<group>"; };
		FB2989DA21193BC10011025D /* Info.plist */ = {isa = PBXFileReference; lastKnownFileType = text.plist.xml; path = Info.plist; sourceTree = "<group>"; };
		FB2989EA211941E60011025D /* MTHomeSectionView.xib */ = {isa = PBXFileReference; lastKnownFileType = file.xib; path = MTHomeSectionView.xib; sourceTree = "<group>"; };
		FB2989EC2119422C0011025D /* MTHomeSectionView.h */ = {isa = PBXFileReference; lastKnownFileType = sourcecode.c.h; path = MTHomeSectionView.h; sourceTree = "<group>"; };
		FB2989ED2119422C0011025D /* MTHomeSectionView.m */ = {isa = PBXFileReference; lastKnownFileType = sourcecode.c.objc; path = MTHomeSectionView.m; sourceTree = "<group>"; };
		FB2989F421199DD50011025D /* UIColor+Hex.m */ = {isa = PBXFileReference; fileEncoding = 4; lastKnownFileType = sourcecode.c.objc; path = "UIColor+Hex.m"; sourceTree = "<group>"; };
		FB2989F521199DD50011025D /* UIColor+Hex.h */ = {isa = PBXFileReference; fileEncoding = 4; lastKnownFileType = sourcecode.c.h; path = "UIColor+Hex.h"; sourceTree = "<group>"; };
		FB2989F721199E470011025D /* UITableViewCell+Categoty.h */ = {isa = PBXFileReference; lastKnownFileType = sourcecode.c.h; path = "UITableViewCell+Categoty.h"; sourceTree = "<group>"; };
		FB2989F821199E470011025D /* UITableViewCell+Categoty.m */ = {isa = PBXFileReference; lastKnownFileType = sourcecode.c.objc; path = "UITableViewCell+Categoty.m"; sourceTree = "<group>"; };
		FB2989FA21199E870011025D /* MTHomeTextViewCell.h */ = {isa = PBXFileReference; lastKnownFileType = sourcecode.c.h; path = MTHomeTextViewCell.h; sourceTree = "<group>"; };
		FB2989FB21199E870011025D /* MTHomeTextViewCell.m */ = {isa = PBXFileReference; lastKnownFileType = sourcecode.c.objc; path = MTHomeTextViewCell.m; sourceTree = "<group>"; };
		FB2989FC21199E870011025D /* MTHomeTextViewCell.xib */ = {isa = PBXFileReference; lastKnownFileType = file.xib; path = MTHomeTextViewCell.xib; sourceTree = "<group>"; };
		FB2989FF2119B3ED0011025D /* MTNoteViewController.h */ = {isa = PBXFileReference; lastKnownFileType = sourcecode.c.h; path = MTNoteViewController.h; sourceTree = "<group>"; };
		FB298A002119B3ED0011025D /* MTNoteViewController.m */ = {isa = PBXFileReference; lastKnownFileType = sourcecode.c.objc; path = MTNoteViewController.m; sourceTree = "<group>"; };
		FB298A012119B3ED0011025D /* MTNoteViewController.xib */ = {isa = PBXFileReference; lastKnownFileType = file.xib; path = MTNoteViewController.xib; sourceTree = "<group>"; };
		FB298A042119B4840011025D /* MTNoteToolsView.xib */ = {isa = PBXFileReference; lastKnownFileType = file.xib; path = MTNoteToolsView.xib; sourceTree = "<group>"; };
		FB9DF5BB211A7FE800200097 /* MTNoteToolsTextCell.h */ = {isa = PBXFileReference; lastKnownFileType = sourcecode.c.h; path = MTNoteToolsTextCell.h; sourceTree = "<group>"; };
		FB9DF5BC211A7FE800200097 /* MTNoteToolsTextCell.m */ = {isa = PBXFileReference; lastKnownFileType = sourcecode.c.objc; path = MTNoteToolsTextCell.m; sourceTree = "<group>"; };
		FB9DF5BD211A7FE800200097 /* MTNoteToolsTextCell.xib */ = {isa = PBXFileReference; lastKnownFileType = file.xib; path = MTNoteToolsTextCell.xib; sourceTree = "<group>"; };
		FB9DF5C0211A800A00200097 /* MTNoteToolsImageCell.h */ = {isa = PBXFileReference; lastKnownFileType = sourcecode.c.h; path = MTNoteToolsImageCell.h; sourceTree = "<group>"; };
		FB9DF5C1211A800A00200097 /* MTNoteToolsImageCell.m */ = {isa = PBXFileReference; lastKnownFileType = sourcecode.c.objc; path = MTNoteToolsImageCell.m; sourceTree = "<group>"; };
		FB9DF5C2211A800A00200097 /* MTNoteToolsImageCell.xib */ = {isa = PBXFileReference; lastKnownFileType = file.xib; path = MTNoteToolsImageCell.xib; sourceTree = "<group>"; };
		FB9DF5C8211AB48400200097 /* MTActionSheetView.xib */ = {isa = PBXFileReference; lastKnownFileType = file.xib; path = MTActionSheetView.xib; sourceTree = "<group>"; };
		FB9DF5CA211AD0C800200097 /* MTActionSheetView.h */ = {isa = PBXFileReference; lastKnownFileType = sourcecode.c.h; path = MTActionSheetView.h; sourceTree = "<group>"; };
		FB9DF5CB211AD0C800200097 /* MTActionSheetView.m */ = {isa = PBXFileReference; lastKnownFileType = sourcecode.c.objc; path = MTActionSheetView.m; sourceTree = "<group>"; };
		FB9DF5CD211AF3A200200097 /* UITextView+Category.h */ = {isa = PBXFileReference; lastKnownFileType = sourcecode.c.h; path = "UITextView+Category.h"; sourceTree = "<group>"; };
		FB9DF5CE211AF3A200200097 /* UITextView+Category.m */ = {isa = PBXFileReference; lastKnownFileType = sourcecode.c.objc; path = "UITextView+Category.m"; sourceTree = "<group>"; };
		FBD9DC62211BE0CB001CE04E /* MTCoreDataModel.xcdatamodel */ = {isa = PBXFileReference; lastKnownFileType = wrapper.xcdatamodel; path = MTCoreDataModel.xcdatamodel; sourceTree = "<group>"; };
		FBD9DC94211BE657001CE04E /* MTMediaFileManager.h */ = {isa = PBXFileReference; fileEncoding = 4; lastKnownFileType = sourcecode.c.h; path = MTMediaFileManager.h; sourceTree = "<group>"; };
		FBD9DC95211BE657001CE04E /* MTMediaFileManager.m */ = {isa = PBXFileReference; fileEncoding = 4; lastKnownFileType = sourcecode.c.objc; path = MTMediaFileManager.m; sourceTree = "<group>"; };
		FBD9DC96211BE657001CE04E /* MTSanboxFile.h */ = {isa = PBXFileReference; fileEncoding = 4; lastKnownFileType = sourcecode.c.h; path = MTSanboxFile.h; sourceTree = "<group>"; };
		FBD9DC97211BE657001CE04E /* MTSanboxFile.m */ = {isa = PBXFileReference; fileEncoding = 4; lastKnownFileType = sourcecode.c.objc; path = MTSanboxFile.m; sourceTree = "<group>"; };
		FBD9DCAB211BF010001CE04E /* MTCoreDataManager.m */ = {isa = PBXFileReference; fileEncoding = 4; lastKnownFileType = sourcecode.c.objc; path = MTCoreDataManager.m; sourceTree = "<group>"; };
		FBD9DCAC211BF010001CE04E /* MTCoreDataManager.h */ = {isa = PBXFileReference; fileEncoding = 4; lastKnownFileType = sourcecode.c.h; path = MTCoreDataManager.h; sourceTree = "<group>"; };
		FBD9DCAE211BF28D001CE04E /* MTCoreDataDao.h */ = {isa = PBXFileReference; lastKnownFileType = sourcecode.c.h; path = MTCoreDataDao.h; sourceTree = "<group>"; };
		FBD9DCAF211BF28D001CE04E /* MTCoreDataDao.m */ = {isa = PBXFileReference; lastKnownFileType = sourcecode.c.objc; path = MTCoreDataDao.m; sourceTree = "<group>"; };
		FBD9DCB2211BF590001CE04E /* MTNoteImagePo+CoreDataClass.h */ = {isa = PBXFileReference; fileEncoding = 4; lastKnownFileType = sourcecode.c.h; path = "MTNoteImagePo+CoreDataClass.h"; sourceTree = "<group>"; };
		FBD9DCB3211BF590001CE04E /* MTNoteImagePo+CoreDataClass.m */ = {isa = PBXFileReference; fileEncoding = 4; lastKnownFileType = sourcecode.c.objc; path = "MTNoteImagePo+CoreDataClass.m"; sourceTree = "<group>"; };
		FBD9DCB4211BF590001CE04E /* MTNoteImagePo+CoreDataProperties.h */ = {isa = PBXFileReference; fileEncoding = 4; lastKnownFileType = sourcecode.c.h; path = "MTNoteImagePo+CoreDataProperties.h"; sourceTree = "<group>"; };
		FBD9DCB5211BF590001CE04E /* MTNoteImagePo+CoreDataProperties.m */ = {isa = PBXFileReference; fileEncoding = 4; lastKnownFileType = sourcecode.c.objc; path = "MTNoteImagePo+CoreDataProperties.m"; sourceTree = "<group>"; };
		FBD9DCB6211BF590001CE04E /* MTNoteModel.h */ = {isa = PBXFileReference; fileEncoding = 4; lastKnownFileType = sourcecode.c.h; path = MTNoteModel.h; sourceTree = "<group>"; };
		FBD9DCB7211BF590001CE04E /* MTNoteModel.m */ = {isa = PBXFileReference; fileEncoding = 4; lastKnownFileType = sourcecode.c.objc; path = MTNoteModel.m; sourceTree = "<group>"; };
		FBD9DCBC211BF590001CE04E /* MTNoteTextPo+CoreDataClass.h */ = {isa = PBXFileReference; fileEncoding = 4; lastKnownFileType = sourcecode.c.h; path = "MTNoteTextPo+CoreDataClass.h"; sourceTree = "<group>"; };
		FBD9DCBD211BF590001CE04E /* MTNoteTextPo+CoreDataClass.m */ = {isa = PBXFileReference; fileEncoding = 4; lastKnownFileType = sourcecode.c.objc; path = "MTNoteTextPo+CoreDataClass.m"; sourceTree = "<group>"; };
		FBD9DCBE211BF590001CE04E /* MTNoteTextPo+CoreDataProperties.h */ = {isa = PBXFileReference; fileEncoding = 4; lastKnownFileType = sourcecode.c.h; path = "MTNoteTextPo+CoreDataProperties.h"; sourceTree = "<group>"; };
		FBD9DCBF211BF590001CE04E /* MTNoteTextPo+CoreDataProperties.m */ = {isa = PBXFileReference; fileEncoding = 4; lastKnownFileType = sourcecode.c.objc; path = "MTNoteTextPo+CoreDataProperties.m"; sourceTree = "<group>"; };
		FBE4A7A9211D65620099FFFE /* MTActionAlertView.xib */ = {isa = PBXFileReference; lastKnownFileType = file.xib; path = MTActionAlertView.xib; sourceTree = "<group>"; };
		FBE4A7AB211D68890099FFFE /* MTActionAlertView.h */ = {isa = PBXFileReference; lastKnownFileType = sourcecode.c.h; path = MTActionAlertView.h; sourceTree = "<group>"; };
		FBE4A7AC211D68890099FFFE /* MTActionAlertView.m */ = {isa = PBXFileReference; lastKnownFileType = sourcecode.c.objc; path = MTActionAlertView.m; sourceTree = "<group>"; };
		FBE4A7AF211D731C0099FFFE /* MTDateFormatManager.h */ = {isa = PBXFileReference; fileEncoding = 4; lastKnownFileType = sourcecode.c.h; path = MTDateFormatManager.h; sourceTree = "<group>"; };
		FBE4A7B0211D731C0099FFFE /* MTDateFormatManager.m */ = {isa = PBXFileReference; fileEncoding = 4; lastKnownFileType = sourcecode.c.objc; path = MTDateFormatManager.m; sourceTree = "<group>"; };
		FBEDA126211C2BB700135D5D /* MTNotePo+CoreDataClass.m */ = {isa = PBXFileReference; fileEncoding = 4; lastKnownFileType = sourcecode.c.objc; path = "MTNotePo+CoreDataClass.m"; sourceTree = "<group>"; };
		FBEDA127211C2BB700135D5D /* MTNotePo+CoreDataProperties.h */ = {isa = PBXFileReference; fileEncoding = 4; lastKnownFileType = sourcecode.c.h; path = "MTNotePo+CoreDataProperties.h"; sourceTree = "<group>"; };
		FBEDA128211C2BB700135D5D /* MTNotePo+CoreDataProperties.m */ = {isa = PBXFileReference; fileEncoding = 4; lastKnownFileType = sourcecode.c.objc; path = "MTNotePo+CoreDataProperties.m"; sourceTree = "<group>"; };
		FBEDA129211C2BB700135D5D /* MTNotePo+CoreDataClass.h */ = {isa = PBXFileReference; fileEncoding = 4; lastKnownFileType = sourcecode.c.h; path = "MTNotePo+CoreDataClass.h"; sourceTree = "<group>"; };
		FBEDA12C211C41F000135D5D /* MTNoteSettingView.h */ = {isa = PBXFileReference; lastKnownFileType = sourcecode.c.h; path = MTNoteSettingView.h; sourceTree = "<group>"; };
		FBEDA12D211C41F000135D5D /* MTNoteSettingView.m */ = {isa = PBXFileReference; lastKnownFileType = sourcecode.c.objc; path = MTNoteSettingView.m; sourceTree = "<group>"; };
		FBEDA131211C4DB000135D5D /* MTHomeEmptyView.xib */ = {isa = PBXFileReference; lastKnownFileType = file.xib; path = MTHomeEmptyView.xib; sourceTree = "<group>"; };
		FBEDA133211C4EFC00135D5D /* MTHomeEmptyView.h */ = {isa = PBXFileReference; lastKnownFileType = sourcecode.c.h; path = MTHomeEmptyView.h; sourceTree = "<group>"; };
		FBEDA134211C4EFC00135D5D /* MTHomeEmptyView.m */ = {isa = PBXFileReference; lastKnownFileType = sourcecode.c.objc; path = MTHomeEmptyView.m; sourceTree = "<group>"; };
/* End PBXFileReference section */

/* Begin PBXFrameworksBuildPhase section */
		FB2989AE21193BC10011025D /* Frameworks */ = {
			isa = PBXFrameworksBuildPhase;
			buildActionMask = 2147483647;
			files = (
				683120101DF0E61BC4149166 /* libPods-Momenting.a in Frameworks */,
			);
			runOnlyForDeploymentPostprocessing = 0;
		};
		FB2989C621193BC10011025D /* Frameworks */ = {
			isa = PBXFrameworksBuildPhase;
			buildActionMask = 2147483647;
			files = (
				D138E1478A5DEC49E5A98D5F /* libPods-MomentingTests.a in Frameworks */,
			);
			runOnlyForDeploymentPostprocessing = 0;
		};
		FB2989D121193BC10011025D /* Frameworks */ = {
			isa = PBXFrameworksBuildPhase;
			buildActionMask = 2147483647;
			files = (
				677069D22132044F10614E6A /* libPods-MomentingUITests.a in Frameworks */,
			);
			runOnlyForDeploymentPostprocessing = 0;
		};
/* End PBXFrameworksBuildPhase section */

/* Begin PBXGroup section */
		03ECB58D2B90DB55FD931AEF /* Frameworks */ = {
			isa = PBXGroup;
			children = (
				339EF9E612033D7B103304CC /* libPods-Momenting.a */,
				8F871E6CE11387C8E90F083C /* libPods-MomentingTests.a */,
				F759AFD38344CD5818049317 /* libPods-MomentingUITests.a */,
			);
			name = Frameworks;
			sourceTree = "<group>";
		};
		477D2F23C8392C153D1061B0 /* Pods */ = {
			isa = PBXGroup;
			children = (
				8718DCF41C4CCA2D889767B9 /* Pods-Momenting.debug.xcconfig */,
				CBE9C524DC1AB51CBB12ACF5 /* Pods-Momenting.release.xcconfig */,
				394B147571E7885531BEE82F /* Pods-MomentingTests.debug.xcconfig */,
				0E871D87A53CD8759F3EA067 /* Pods-MomentingTests.release.xcconfig */,
				9CE1ACC19912647F1BB86C06 /* Pods-MomentingUITests.debug.xcconfig */,
				F05DA3419D69EB65736AF8B7 /* Pods-MomentingUITests.release.xcconfig */,
			);
			name = Pods;
			sourceTree = "<group>";
		};
		FB2989A821193BC10011025D = {
			isa = PBXGroup;
			children = (
				FB2989B321193BC10011025D /* Momenting */,
				FB2989CC21193BC10011025D /* MomentingTests */,
				FB2989D721193BC10011025D /* MomentingUITests */,
				FB2989B221193BC10011025D /* Products */,
				477D2F23C8392C153D1061B0 /* Pods */,
				03ECB58D2B90DB55FD931AEF /* Frameworks */,
			);
			sourceTree = "<group>";
		};
		FB2989B221193BC10011025D /* Products */ = {
			isa = PBXGroup;
			children = (
				FB2989B121193BC10011025D /* Momenting.app */,
				FB2989C921193BC10011025D /* MomentingTests.xctest */,
				FB2989D421193BC10011025D /* MomentingUITests.xctest */,
			);
			name = Products;
			sourceTree = "<group>";
		};
		FB2989B321193BC10011025D /* Momenting */ = {
			isa = PBXGroup;
			children = (
				FB2989F221199D7E0011025D /* Common */,
				FB2989E6211940D10011025D /* Main */,
				FB2989B421193BC10011025D /* AppDelegate.h */,
				FB2989B521193BC10011025D /* AppDelegate.m */,
				FB2989B721193BC10011025D /* ViewController.h */,
				FB2989B821193BC10011025D /* ViewController.m */,
				FB2989BA21193BC10011025D /* Main.storyboard */,
				FB2989BD21193BC10011025D /* Assets.xcassets */,
				FB2989BF21193BC10011025D /* LaunchScreen.storyboard */,
				FB2989C221193BC10011025D /* Info.plist */,
				FB2989C321193BC10011025D /* main.m */,
				FBD9DC61211BE0CB001CE04E /* MTCoreDataModel.xcdatamodeld */,
			);
			path = Momenting;
			sourceTree = "<group>";
		};
		FB2989CC21193BC10011025D /* MomentingTests */ = {
			isa = PBXGroup;
			children = (
				FB2989CD21193BC10011025D /* MomentingTests.m */,
				FB2989CF21193BC10011025D /* Info.plist */,
			);
			path = MomentingTests;
			sourceTree = "<group>";
		};
		FB2989D721193BC10011025D /* MomentingUITests */ = {
			isa = PBXGroup;
			children = (
				FB2989D821193BC10011025D /* MomentingUITests.m */,
				FB2989DA21193BC10011025D /* Info.plist */,
			);
			path = MomentingUITests;
			sourceTree = "<group>";
		};
		FB2989E6211940D10011025D /* Main */ = {
			isa = PBXGroup;
			children = (
				FBD9DCB1211BF590001CE04E /* Model */,
				FB2989E7211941A40011025D /* Controller */,
				FB2989E9211941A40011025D /* View */,
			);
			path = Main;
			sourceTree = "<group>";
		};
		FB2989E7211941A40011025D /* Controller */ = {
			isa = PBXGroup;
			children = (
				FB2989FF2119B3ED0011025D /* MTNoteViewController.h */,
				FB298A002119B3ED0011025D /* MTNoteViewController.m */,
				FB298A012119B3ED0011025D /* MTNoteViewController.xib */,
			);
			path = Controller;
			sourceTree = "<group>";
		};
		FB2989E9211941A40011025D /* View */ = {
			isa = PBXGroup;
			children = (
				FB2989EA211941E60011025D /* MTHomeSectionView.xib */,
				FB2989EC2119422C0011025D /* MTHomeSectionView.h */,
				FB2989ED2119422C0011025D /* MTHomeSectionView.m */,
				FB2989FA21199E870011025D /* MTHomeTextViewCell.h */,
				FB2989FB21199E870011025D /* MTHomeTextViewCell.m */,
				FB2989FC21199E870011025D /* MTHomeTextViewCell.xib */,
				FB298A042119B4840011025D /* MTNoteToolsView.xib */,
				728034B5211A4D9600D4A9BE /* MTNoteToolsView.h */,
				728034B6211A4D9600D4A9BE /* MTNoteToolsView.m */,
				728034B8211A5C7600D4A9BE /* MTNavigationView.xib */,
				728034BA211A5DBF00D4A9BE /* MTNavigationView.h */,
				728034BB211A5DBF00D4A9BE /* MTNavigationView.m */,
				FB9DF5BB211A7FE800200097 /* MTNoteToolsTextCell.h */,
				FB9DF5BC211A7FE800200097 /* MTNoteToolsTextCell.m */,
				FB9DF5BD211A7FE800200097 /* MTNoteToolsTextCell.xib */,
				FB9DF5C0211A800A00200097 /* MTNoteToolsImageCell.h */,
				FB9DF5C1211A800A00200097 /* MTNoteToolsImageCell.m */,
				FB9DF5C2211A800A00200097 /* MTNoteToolsImageCell.xib */,
				FB9DF5C8211AB48400200097 /* MTActionSheetView.xib */,
				FB9DF5CA211AD0C800200097 /* MTActionSheetView.h */,
				FB9DF5CB211AD0C800200097 /* MTActionSheetView.m */,
				FBEDA12C211C41F000135D5D /* MTNoteSettingView.h */,
				FBEDA12D211C41F000135D5D /* MTNoteSettingView.m */,
				FBEDA131211C4DB000135D5D /* MTHomeEmptyView.xib */,
				FBEDA133211C4EFC00135D5D /* MTHomeEmptyView.h */,
				FBEDA134211C4EFC00135D5D /* MTHomeEmptyView.m */,
				FBE4A7A9211D65620099FFFE /* MTActionAlertView.xib */,
				FBE4A7AB211D68890099FFFE /* MTActionAlertView.h */,
				FBE4A7AC211D68890099FFFE /* MTActionAlertView.m */,
			);
			path = View;
			sourceTree = "<group>";
		};
		FB2989F221199D7E0011025D /* Common */ = {
			isa = PBXGroup;
			children = (
				FBE4A7AE211D730D0099FFFE /* Tools */,
				FBD9DCAA211BF004001CE04E /* CoreDataManager */,
				FBD9DC93211BE657001CE04E /* Sanbox */,
				FB2989F321199D7E0011025D /* Category */,
			);
			path = Common;
			sourceTree = "<group>";
		};
		FB2989F321199D7E0011025D /* Category */ = {
			isa = PBXGroup;
			children = (
				FB2989F521199DD50011025D /* UIColor+Hex.h */,
				FB2989F421199DD50011025D /* UIColor+Hex.m */,
				FB2989F721199E470011025D /* UITableViewCell+Categoty.h */,
				FB2989F821199E470011025D /* UITableViewCell+Categoty.m */,
				FB9DF5CD211AF3A200200097 /* UITextView+Category.h */,
				FB9DF5CE211AF3A200200097 /* UITextView+Category.m */,
			);
			path = Category;
			sourceTree = "<group>";
		};
		FBD9DC93211BE657001CE04E /* Sanbox */ = {
			isa = PBXGroup;
			children = (
				FBD9DC94211BE657001CE04E /* MTMediaFileManager.h */,
				FBD9DC95211BE657001CE04E /* MTMediaFileManager.m */,
				FBD9DC96211BE657001CE04E /* MTSanboxFile.h */,
				FBD9DC97211BE657001CE04E /* MTSanboxFile.m */,
			);
			path = Sanbox;
			sourceTree = "<group>";
		};
		FBD9DCAA211BF004001CE04E /* CoreDataManager */ = {
			isa = PBXGroup;
			children = (
				FBD9DCAC211BF010001CE04E /* MTCoreDataManager.h */,
				FBD9DCAB211BF010001CE04E /* MTCoreDataManager.m */,
				FBD9DCAE211BF28D001CE04E /* MTCoreDataDao.h */,
				FBD9DCAF211BF28D001CE04E /* MTCoreDataDao.m */,
			);
			path = CoreDataManager;
			sourceTree = "<group>";
		};
		FBD9DCB1211BF590001CE04E /* Model */ = {
			isa = PBXGroup;
			children = (
				FBD9DCB6211BF590001CE04E /* MTNoteModel.h */,
				FBD9DCB7211BF590001CE04E /* MTNoteModel.m */,
				FBD9DCB2211BF590001CE04E /* MTNoteImagePo+CoreDataClass.h */,
				FBD9DCB3211BF590001CE04E /* MTNoteImagePo+CoreDataClass.m */,
				FBD9DCB4211BF590001CE04E /* MTNoteImagePo+CoreDataProperties.h */,
				FBD9DCB5211BF590001CE04E /* MTNoteImagePo+CoreDataProperties.m */,
				FBD9DCBC211BF590001CE04E /* MTNoteTextPo+CoreDataClass.h */,
				FBD9DCBD211BF590001CE04E /* MTNoteTextPo+CoreDataClass.m */,
				FBD9DCBE211BF590001CE04E /* MTNoteTextPo+CoreDataProperties.h */,
				FBD9DCBF211BF590001CE04E /* MTNoteTextPo+CoreDataProperties.m */,
				FBEDA129211C2BB700135D5D /* MTNotePo+CoreDataClass.h */,
				FBEDA126211C2BB700135D5D /* MTNotePo+CoreDataClass.m */,
				FBEDA127211C2BB700135D5D /* MTNotePo+CoreDataProperties.h */,
				FBEDA128211C2BB700135D5D /* MTNotePo+CoreDataProperties.m */,
			);
			path = Model;
			sourceTree = "<group>";
		};
		FBE4A7AE211D730D0099FFFE /* Tools */ = {
			isa = PBXGroup;
			children = (
				FBE4A7AF211D731C0099FFFE /* MTDateFormatManager.h */,
				FBE4A7B0211D731C0099FFFE /* MTDateFormatManager.m */,
			);
			path = Tools;
			sourceTree = "<group>";
		};
/* End PBXGroup section */

/* Begin PBXNativeTarget section */
		FB2989B021193BC10011025D /* Momenting */ = {
			isa = PBXNativeTarget;
			buildConfigurationList = FB2989DD21193BC10011025D /* Build configuration list for PBXNativeTarget "Momenting" */;
			buildPhases = (
				BF20674BDACD8374CC145168 /* [CP] Check Pods Manifest.lock */,
				FB2989AD21193BC10011025D /* Sources */,
				FB2989AE21193BC10011025D /* Frameworks */,
				FB2989AF21193BC10011025D /* Resources */,
			);
			buildRules = (
			);
			dependencies = (
			);
			name = Momenting;
			productName = Momenting;
			productReference = FB2989B121193BC10011025D /* Momenting.app */;
			productType = "com.apple.product-type.application";
		};
		FB2989C821193BC10011025D /* MomentingTests */ = {
			isa = PBXNativeTarget;
			buildConfigurationList = FB2989E021193BC10011025D /* Build configuration list for PBXNativeTarget "MomentingTests" */;
			buildPhases = (
				D5E596C86F25C2BD0967FD17 /* [CP] Check Pods Manifest.lock */,
				FB2989C521193BC10011025D /* Sources */,
				FB2989C621193BC10011025D /* Frameworks */,
				FB2989C721193BC10011025D /* Resources */,
			);
			buildRules = (
			);
			dependencies = (
				FB2989CB21193BC10011025D /* PBXTargetDependency */,
			);
			name = MomentingTests;
			productName = MomentingTests;
			productReference = FB2989C921193BC10011025D /* MomentingTests.xctest */;
			productType = "com.apple.product-type.bundle.unit-test";
		};
		FB2989D321193BC10011025D /* MomentingUITests */ = {
			isa = PBXNativeTarget;
			buildConfigurationList = FB2989E321193BC10011025D /* Build configuration list for PBXNativeTarget "MomentingUITests" */;
			buildPhases = (
				AE0C3552A8F2BD9F6FC68138 /* [CP] Check Pods Manifest.lock */,
				FB2989D021193BC10011025D /* Sources */,
				FB2989D121193BC10011025D /* Frameworks */,
				FB2989D221193BC10011025D /* Resources */,
			);
			buildRules = (
			);
			dependencies = (
				FB2989D621193BC10011025D /* PBXTargetDependency */,
			);
			name = MomentingUITests;
			productName = MomentingUITests;
			productReference = FB2989D421193BC10011025D /* MomentingUITests.xctest */;
			productType = "com.apple.product-type.bundle.ui-testing";
		};
/* End PBXNativeTarget section */

/* Begin PBXProject section */
		FB2989A921193BC10011025D /* Project object */ = {
			isa = PBXProject;
			attributes = {
				LastUpgradeCheck = 0920;
				ORGANIZATIONNAME = "xiaobai zhang";
				TargetAttributes = {
					FB2989B021193BC10011025D = {
						CreatedOnToolsVersion = 9.2;
						LastSwiftMigration = 0920;
						ProvisioningStyle = Automatic;
					};
					FB2989C821193BC10011025D = {
						CreatedOnToolsVersion = 9.2;
						ProvisioningStyle = Automatic;
						TestTargetID = FB2989B021193BC10011025D;
					};
					FB2989D321193BC10011025D = {
						CreatedOnToolsVersion = 9.2;
						ProvisioningStyle = Automatic;
						TestTargetID = FB2989B021193BC10011025D;
					};
				};
			};
			buildConfigurationList = FB2989AC21193BC10011025D /* Build configuration list for PBXProject "Momenting" */;
			compatibilityVersion = "Xcode 8.0";
			developmentRegion = en;
			hasScannedForEncodings = 0;
			knownRegions = (
				en,
				Base,
			);
			mainGroup = FB2989A821193BC10011025D;
			productRefGroup = FB2989B221193BC10011025D /* Products */;
			projectDirPath = "";
			projectRoot = "";
			targets = (
				FB2989B021193BC10011025D /* Momenting */,
				FB2989C821193BC10011025D /* MomentingTests */,
				FB2989D321193BC10011025D /* MomentingUITests */,
			);
		};
/* End PBXProject section */

/* Begin PBXResourcesBuildPhase section */
		FB2989AF21193BC10011025D /* Resources */ = {
			isa = PBXResourcesBuildPhase;
			buildActionMask = 2147483647;
			files = (
				FB2989EB211941E60011025D /* MTHomeSectionView.xib in Resources */,
				728034B9211A5C7600D4A9BE /* MTNavigationView.xib in Resources */,
				FB2989FE21199E870011025D /* MTHomeTextViewCell.xib in Resources */,
				FB2989C121193BC10011025D /* LaunchScreen.storyboard in Resources */,
				FBEDA132211C4DB000135D5D /* MTHomeEmptyView.xib in Resources */,
				FB298A032119B3ED0011025D /* MTNoteViewController.xib in Resources */,
				FB9DF5C9211AB48400200097 /* MTActionSheetView.xib in Resources */,
				FB2989BE21193BC10011025D /* Assets.xcassets in Resources */,
				FB2989BC21193BC10011025D /* Main.storyboard in Resources */,
				FB298A052119B4840011025D /* MTNoteToolsView.xib in Resources */,
				FB9DF5C4211A800A00200097 /* MTNoteToolsImageCell.xib in Resources */,
				FB9DF5BF211A7FE800200097 /* MTNoteToolsTextCell.xib in Resources */,
				FBE4A7AA211D65620099FFFE /* MTActionAlertView.xib in Resources */,
			);
			runOnlyForDeploymentPostprocessing = 0;
		};
		FB2989C721193BC10011025D /* Resources */ = {
			isa = PBXResourcesBuildPhase;
			buildActionMask = 2147483647;
			files = (
			);
			runOnlyForDeploymentPostprocessing = 0;
		};
		FB2989D221193BC10011025D /* Resources */ = {
			isa = PBXResourcesBuildPhase;
			buildActionMask = 2147483647;
			files = (
			);
			runOnlyForDeploymentPostprocessing = 0;
		};
/* End PBXResourcesBuildPhase section */

/* Begin PBXShellScriptBuildPhase section */
		AE0C3552A8F2BD9F6FC68138 /* [CP] Check Pods Manifest.lock */ = {
			isa = PBXShellScriptBuildPhase;
			buildActionMask = 2147483647;
			files = (
			);
			inputPaths = (
				"${PODS_PODFILE_DIR_PATH}/Podfile.lock",
				"${PODS_ROOT}/Manifest.lock",
			);
			name = "[CP] Check Pods Manifest.lock";
			outputPaths = (
				"$(DERIVED_FILE_DIR)/Pods-MomentingUITests-checkManifestLockResult.txt",
			);
			runOnlyForDeploymentPostprocessing = 0;
			shellPath = /bin/sh;
			shellScript = "diff \"${PODS_PODFILE_DIR_PATH}/Podfile.lock\" \"${PODS_ROOT}/Manifest.lock\" > /dev/null\nif [ $? != 0 ] ; then\n    # print error to STDERR\n    echo \"error: The sandbox is not in sync with the Podfile.lock. Run 'pod install' or update your CocoaPods installation.\" >&2\n    exit 1\nfi\n# This output is used by Xcode 'outputs' to avoid re-running this script phase.\necho \"SUCCESS\" > \"${SCRIPT_OUTPUT_FILE_0}\"\n";
			showEnvVarsInLog = 0;
		};
		BF20674BDACD8374CC145168 /* [CP] Check Pods Manifest.lock */ = {
			isa = PBXShellScriptBuildPhase;
			buildActionMask = 2147483647;
			files = (
			);
			inputPaths = (
				"${PODS_PODFILE_DIR_PATH}/Podfile.lock",
				"${PODS_ROOT}/Manifest.lock",
			);
			name = "[CP] Check Pods Manifest.lock";
			outputPaths = (
				"$(DERIVED_FILE_DIR)/Pods-Momenting-checkManifestLockResult.txt",
			);
			runOnlyForDeploymentPostprocessing = 0;
			shellPath = /bin/sh;
			shellScript = "diff \"${PODS_PODFILE_DIR_PATH}/Podfile.lock\" \"${PODS_ROOT}/Manifest.lock\" > /dev/null\nif [ $? != 0 ] ; then\n    # print error to STDERR\n    echo \"error: The sandbox is not in sync with the Podfile.lock. Run 'pod install' or update your CocoaPods installation.\" >&2\n    exit 1\nfi\n# This output is used by Xcode 'outputs' to avoid re-running this script phase.\necho \"SUCCESS\" > \"${SCRIPT_OUTPUT_FILE_0}\"\n";
			showEnvVarsInLog = 0;
		};
		D5E596C86F25C2BD0967FD17 /* [CP] Check Pods Manifest.lock */ = {
			isa = PBXShellScriptBuildPhase;
			buildActionMask = 2147483647;
			files = (
			);
			inputPaths = (
				"${PODS_PODFILE_DIR_PATH}/Podfile.lock",
				"${PODS_ROOT}/Manifest.lock",
			);
			name = "[CP] Check Pods Manifest.lock";
			outputPaths = (
				"$(DERIVED_FILE_DIR)/Pods-MomentingTests-checkManifestLockResult.txt",
			);
			runOnlyForDeploymentPostprocessing = 0;
			shellPath = /bin/sh;
			shellScript = "diff \"${PODS_PODFILE_DIR_PATH}/Podfile.lock\" \"${PODS_ROOT}/Manifest.lock\" > /dev/null\nif [ $? != 0 ] ; then\n    # print error to STDERR\n    echo \"error: The sandbox is not in sync with the Podfile.lock. Run 'pod install' or update your CocoaPods installation.\" >&2\n    exit 1\nfi\n# This output is used by Xcode 'outputs' to avoid re-running this script phase.\necho \"SUCCESS\" > \"${SCRIPT_OUTPUT_FILE_0}\"\n";
			showEnvVarsInLog = 0;
		};
/* End PBXShellScriptBuildPhase section */

/* Begin PBXSourcesBuildPhase section */
		FB2989AD21193BC10011025D /* Sources */ = {
			isa = PBXSourcesBuildPhase;
			buildActionMask = 2147483647;
			files = (
				FBD9DC99211BE657001CE04E /* MTSanboxFile.m in Sources */,
				FB9DF5C3211A800A00200097 /* MTNoteToolsImageCell.m in Sources */,
				FB2989EE2119422C0011025D /* MTHomeSectionView.m in Sources */,
				FBD9DCC6211BF590001CE04E /* MTNoteTextPo+CoreDataProperties.m in Sources */,
				FB9DF5BE211A7FE800200097 /* MTNoteToolsTextCell.m in Sources */,
				FBEDA12B211C2BB700135D5D /* MTNotePo+CoreDataProperties.m in Sources */,
				FB2989F621199DD50011025D /* UIColor+Hex.m in Sources */,
				FB2989B921193BC10011025D /* ViewController.m in Sources */,
				FBE4A7B1211D731C0099FFFE /* MTDateFormatManager.m in Sources */,
				728034BC211A5DBF00D4A9BE /* MTNavigationView.m in Sources */,
				728034B7211A4D9600D4A9BE /* MTNoteToolsView.m in Sources */,
				FBEDA12A211C2BB700135D5D /* MTNotePo+CoreDataClass.m in Sources */,
				FBD9DC98211BE657001CE04E /* MTMediaFileManager.m in Sources */,
				FB2989FD21199E870011025D /* MTHomeTextViewCell.m in Sources */,
				FBD9DCC2211BF590001CE04E /* MTNoteModel.m in Sources */,
				FBD9DCAD211BF010001CE04E /* MTCoreDataManager.m in Sources */,
				FBD9DCC1211BF590001CE04E /* MTNoteImagePo+CoreDataProperties.m in Sources */,
				FB2989F921199E470011025D /* UITableViewCell+Categoty.m in Sources */,
				FB2989C421193BC10011025D /* main.m in Sources */,
				FBD9DCC0211BF590001CE04E /* MTNoteImagePo+CoreDataClass.m in Sources */,
				FBEDA12E211C41F000135D5D /* MTNoteSettingView.m in Sources */,
				FBEDA135211C4EFC00135D5D /* MTHomeEmptyView.m in Sources */,
				FB2989B621193BC10011025D /* AppDelegate.m in Sources */,
				FBD9DC63211BE0CB001CE04E /* MTCoreDataModel.xcdatamodeld in Sources */,
				FBD9DCB0211BF28D001CE04E /* MTCoreDataDao.m in Sources */,
				FB9DF5CF211AF3A200200097 /* UITextView+Category.m in Sources */,
				FBD9DCC5211BF590001CE04E /* MTNoteTextPo+CoreDataClass.m in Sources */,
				FB298A022119B3ED0011025D /* MTNoteViewController.m in Sources */,
				FBE4A7AD211D68890099FFFE /* MTActionAlertView.m in Sources */,
				FB9DF5CC211AD0C800200097 /* MTActionSheetView.m in Sources */,
			);
			runOnlyForDeploymentPostprocessing = 0;
		};
		FB2989C521193BC10011025D /* Sources */ = {
			isa = PBXSourcesBuildPhase;
			buildActionMask = 2147483647;
			files = (
				FB2989CE21193BC10011025D /* MomentingTests.m in Sources */,
			);
			runOnlyForDeploymentPostprocessing = 0;
		};
		FB2989D021193BC10011025D /* Sources */ = {
			isa = PBXSourcesBuildPhase;
			buildActionMask = 2147483647;
			files = (
				FB2989D921193BC10011025D /* MomentingUITests.m in Sources */,
			);
			runOnlyForDeploymentPostprocessing = 0;
		};
/* End PBXSourcesBuildPhase section */

/* Begin PBXTargetDependency section */
		FB2989CB21193BC10011025D /* PBXTargetDependency */ = {
			isa = PBXTargetDependency;
			target = FB2989B021193BC10011025D /* Momenting */;
			targetProxy = FB2989CA21193BC10011025D /* PBXContainerItemProxy */;
		};
		FB2989D621193BC10011025D /* PBXTargetDependency */ = {
			isa = PBXTargetDependency;
			target = FB2989B021193BC10011025D /* Momenting */;
			targetProxy = FB2989D521193BC10011025D /* PBXContainerItemProxy */;
		};
/* End PBXTargetDependency section */

/* Begin PBXVariantGroup section */
		FB2989BA21193BC10011025D /* Main.storyboard */ = {
			isa = PBXVariantGroup;
			children = (
				FB2989BB21193BC10011025D /* Base */,
			);
			name = Main.storyboard;
			sourceTree = "<group>";
		};
		FB2989BF21193BC10011025D /* LaunchScreen.storyboard */ = {
			isa = PBXVariantGroup;
			children = (
				FB2989C021193BC10011025D /* Base */,
			);
			name = LaunchScreen.storyboard;
			sourceTree = "<group>";
		};
/* End PBXVariantGroup section */

/* Begin XCBuildConfiguration section */
		FB2989DB21193BC10011025D /* Debug */ = {
			isa = XCBuildConfiguration;
			buildSettings = {
				ALWAYS_SEARCH_USER_PATHS = NO;
				CLANG_ANALYZER_NONNULL = YES;
				CLANG_ANALYZER_NUMBER_OBJECT_CONVERSION = YES_AGGRESSIVE;
				CLANG_CXX_LANGUAGE_STANDARD = "gnu++14";
				CLANG_CXX_LIBRARY = "libc++";
				CLANG_ENABLE_MODULES = YES;
				CLANG_ENABLE_OBJC_ARC = YES;
				CLANG_WARN_BLOCK_CAPTURE_AUTORELEASING = YES;
				CLANG_WARN_BOOL_CONVERSION = YES;
				CLANG_WARN_COMMA = YES;
				CLANG_WARN_CONSTANT_CONVERSION = YES;
				CLANG_WARN_DIRECT_OBJC_ISA_USAGE = YES_ERROR;
				CLANG_WARN_DOCUMENTATION_COMMENTS = YES;
				CLANG_WARN_EMPTY_BODY = YES;
				CLANG_WARN_ENUM_CONVERSION = YES;
				CLANG_WARN_INFINITE_RECURSION = YES;
				CLANG_WARN_INT_CONVERSION = YES;
				CLANG_WARN_NON_LITERAL_NULL_CONVERSION = YES;
				CLANG_WARN_OBJC_LITERAL_CONVERSION = YES;
				CLANG_WARN_OBJC_ROOT_CLASS = YES_ERROR;
				CLANG_WARN_RANGE_LOOP_ANALYSIS = YES;
				CLANG_WARN_STRICT_PROTOTYPES = YES;
				CLANG_WARN_SUSPICIOUS_MOVE = YES;
				CLANG_WARN_UNGUARDED_AVAILABILITY = YES_AGGRESSIVE;
				CLANG_WARN_UNREACHABLE_CODE = YES;
				CLANG_WARN__DUPLICATE_METHOD_MATCH = YES;
				CODE_SIGN_IDENTITY = "iPhone Developer";
				COPY_PHASE_STRIP = NO;
				DEBUG_INFORMATION_FORMAT = dwarf;
				ENABLE_STRICT_OBJC_MSGSEND = YES;
				ENABLE_TESTABILITY = YES;
				GCC_C_LANGUAGE_STANDARD = gnu11;
				GCC_DYNAMIC_NO_PIC = NO;
				GCC_NO_COMMON_BLOCKS = YES;
				GCC_OPTIMIZATION_LEVEL = 0;
				GCC_PREPROCESSOR_DEFINITIONS = (
					"DEBUG=1",
					"$(inherited)",
				);
				GCC_WARN_64_TO_32_BIT_CONVERSION = YES;
				GCC_WARN_ABOUT_RETURN_TYPE = YES_ERROR;
				GCC_WARN_UNDECLARED_SELECTOR = YES;
				GCC_WARN_UNINITIALIZED_AUTOS = YES_AGGRESSIVE;
				GCC_WARN_UNUSED_FUNCTION = YES;
				GCC_WARN_UNUSED_VARIABLE = YES;
				IPHONEOS_DEPLOYMENT_TARGET = 11.2;
				MTL_ENABLE_DEBUG_INFO = YES;
				ONLY_ACTIVE_ARCH = YES;
				SDKROOT = iphoneos;
			};
			name = Debug;
		};
		FB2989DC21193BC10011025D /* Release */ = {
			isa = XCBuildConfiguration;
			buildSettings = {
				ALWAYS_SEARCH_USER_PATHS = NO;
				CLANG_ANALYZER_NONNULL = YES;
				CLANG_ANALYZER_NUMBER_OBJECT_CONVERSION = YES_AGGRESSIVE;
				CLANG_CXX_LANGUAGE_STANDARD = "gnu++14";
				CLANG_CXX_LIBRARY = "libc++";
				CLANG_ENABLE_MODULES = YES;
				CLANG_ENABLE_OBJC_ARC = YES;
				CLANG_WARN_BLOCK_CAPTURE_AUTORELEASING = YES;
				CLANG_WARN_BOOL_CONVERSION = YES;
				CLANG_WARN_COMMA = YES;
				CLANG_WARN_CONSTANT_CONVERSION = YES;
				CLANG_WARN_DIRECT_OBJC_ISA_USAGE = YES_ERROR;
				CLANG_WARN_DOCUMENTATION_COMMENTS = YES;
				CLANG_WARN_EMPTY_BODY = YES;
				CLANG_WARN_ENUM_CONVERSION = YES;
				CLANG_WARN_INFINITE_RECURSION = YES;
				CLANG_WARN_INT_CONVERSION = YES;
				CLANG_WARN_NON_LITERAL_NULL_CONVERSION = YES;
				CLANG_WARN_OBJC_LITERAL_CONVERSION = YES;
				CLANG_WARN_OBJC_ROOT_CLASS = YES_ERROR;
				CLANG_WARN_RANGE_LOOP_ANALYSIS = YES;
				CLANG_WARN_STRICT_PROTOTYPES = YES;
				CLANG_WARN_SUSPICIOUS_MOVE = YES;
				CLANG_WARN_UNGUARDED_AVAILABILITY = YES_AGGRESSIVE;
				CLANG_WARN_UNREACHABLE_CODE = YES;
				CLANG_WARN__DUPLICATE_METHOD_MATCH = YES;
				CODE_SIGN_IDENTITY = "iPhone Developer";
				COPY_PHASE_STRIP = NO;
				DEBUG_INFORMATION_FORMAT = "dwarf-with-dsym";
				ENABLE_NS_ASSERTIONS = NO;
				ENABLE_STRICT_OBJC_MSGSEND = YES;
				GCC_C_LANGUAGE_STANDARD = gnu11;
				GCC_NO_COMMON_BLOCKS = YES;
				GCC_WARN_64_TO_32_BIT_CONVERSION = YES;
				GCC_WARN_ABOUT_RETURN_TYPE = YES_ERROR;
				GCC_WARN_UNDECLARED_SELECTOR = YES;
				GCC_WARN_UNINITIALIZED_AUTOS = YES_AGGRESSIVE;
				GCC_WARN_UNUSED_FUNCTION = YES;
				GCC_WARN_UNUSED_VARIABLE = YES;
				IPHONEOS_DEPLOYMENT_TARGET = 11.2;
				MTL_ENABLE_DEBUG_INFO = NO;
				SDKROOT = iphoneos;
				VALIDATE_PRODUCT = YES;
			};
			name = Release;
		};
		FB2989DE21193BC10011025D /* Debug */ = {
			isa = XCBuildConfiguration;
			baseConfigurationReference = 8718DCF41C4CCA2D889767B9 /* Pods-Momenting.debug.xcconfig */;
			buildSettings = {
				ASSETCATALOG_COMPILER_APPICON_NAME = AppIcon;
				CLANG_ENABLE_MODULES = YES;
				CODE_SIGN_STYLE = Automatic;
				DEVELOPMENT_TEAM = GY3B636822;
				INFOPLIST_FILE = Momenting/Info.plist;
				IPHONEOS_DEPLOYMENT_TARGET = 11.1;
				LD_RUNPATH_SEARCH_PATHS = "$(inherited) @executable_path/Frameworks";
				PRODUCT_BUNDLE_IDENTIFIER = com.huaral.apps.Momenting;
				PRODUCT_NAME = "$(TARGET_NAME)";
				SWIFT_OBJC_BRIDGING_HEADER = "Momenting/Main/View/Momenting-Bridging-Header.h";
				SWIFT_OPTIMIZATION_LEVEL = "-Onone";
				SWIFT_VERSION = 3.0;
				TARGETED_DEVICE_FAMILY = "1,2";
			};
			name = Debug;
		};
		FB2989DF21193BC10011025D /* Release */ = {
			isa = XCBuildConfiguration;
			baseConfigurationReference = CBE9C524DC1AB51CBB12ACF5 /* Pods-Momenting.release.xcconfig */;
			buildSettings = {
				ASSETCATALOG_COMPILER_APPICON_NAME = AppIcon;
				CLANG_ENABLE_MODULES = YES;
				CODE_SIGN_STYLE = Automatic;
				DEVELOPMENT_TEAM = GY3B636822;
				INFOPLIST_FILE = Momenting/Info.plist;
				IPHONEOS_DEPLOYMENT_TARGET = 11.1;
				LD_RUNPATH_SEARCH_PATHS = "$(inherited) @executable_path/Frameworks";
				PRODUCT_BUNDLE_IDENTIFIER = com.huaral.apps.Momenting;
				PRODUCT_NAME = "$(TARGET_NAME)";
				SWIFT_OBJC_BRIDGING_HEADER = "Momenting/Main/View/Momenting-Bridging-Header.h";
				SWIFT_VERSION = 3.0;
				TARGETED_DEVICE_FAMILY = "1,2";
			};
			name = Release;
		};
		FB2989E121193BC10011025D /* Debug */ = {
			isa = XCBuildConfiguration;
			baseConfigurationReference = 394B147571E7885531BEE82F /* Pods-MomentingTests.debug.xcconfig */;
			buildSettings = {
				BUNDLE_LOADER = "$(TEST_HOST)";
				CODE_SIGN_STYLE = Automatic;
				INFOPLIST_FILE = MomentingTests/Info.plist;
				LD_RUNPATH_SEARCH_PATHS = "$(inherited) @executable_path/Frameworks @loader_path/Frameworks";
				PRODUCT_BUNDLE_IDENTIFIER = "app-huaral.com.MomentingTests";
				PRODUCT_NAME = "$(TARGET_NAME)";
				TARGETED_DEVICE_FAMILY = "1,2";
				TEST_HOST = "$(BUILT_PRODUCTS_DIR)/Momenting.app/Momenting";
			};
			name = Debug;
		};
		FB2989E221193BC10011025D /* Release */ = {
			isa = XCBuildConfiguration;
			baseConfigurationReference = 0E871D87A53CD8759F3EA067 /* Pods-MomentingTests.release.xcconfig */;
			buildSettings = {
				BUNDLE_LOADER = "$(TEST_HOST)";
				CODE_SIGN_STYLE = Automatic;
				INFOPLIST_FILE = MomentingTests/Info.plist;
				LD_RUNPATH_SEARCH_PATHS = "$(inherited) @executable_path/Frameworks @loader_path/Frameworks";
				PRODUCT_BUNDLE_IDENTIFIER = "app-huaral.com.MomentingTests";
				PRODUCT_NAME = "$(TARGET_NAME)";
				TARGETED_DEVICE_FAMILY = "1,2";
				TEST_HOST = "$(BUILT_PRODUCTS_DIR)/Momenting.app/Momenting";
			};
			name = Release;
		};
		FB2989E421193BC10011025D /* Debug */ = {
			isa = XCBuildConfiguration;
			baseConfigurationReference = 9CE1ACC19912647F1BB86C06 /* Pods-MomentingUITests.debug.xcconfig */;
			buildSettings = {
				CODE_SIGN_STYLE = Automatic;
				INFOPLIST_FILE = MomentingUITests/Info.plist;
				LD_RUNPATH_SEARCH_PATHS = "$(inherited) @executable_path/Frameworks @loader_path/Frameworks";
				PRODUCT_BUNDLE_IDENTIFIER = "app-huaral.com.MomentingUITests";
				PRODUCT_NAME = "$(TARGET_NAME)";
				TARGETED_DEVICE_FAMILY = "1,2";
				TEST_TARGET_NAME = Momenting;
			};
			name = Debug;
		};
		FB2989E521193BC10011025D /* Release */ = {
			isa = XCBuildConfiguration;
			baseConfigurationReference = F05DA3419D69EB65736AF8B7 /* Pods-MomentingUITests.release.xcconfig */;
			buildSettings = {
				CODE_SIGN_STYLE = Automatic;
				INFOPLIST_FILE = MomentingUITests/Info.plist;
				LD_RUNPATH_SEARCH_PATHS = "$(inherited) @executable_path/Frameworks @loader_path/Frameworks";
				PRODUCT_BUNDLE_IDENTIFIER = "app-huaral.com.MomentingUITests";
				PRODUCT_NAME = "$(TARGET_NAME)";
				TARGETED_DEVICE_FAMILY = "1,2";
				TEST_TARGET_NAME = Momenting;
			};
			name = Release;
		};
/* End XCBuildConfiguration section */

/* Begin XCConfigurationList section */
		FB2989AC21193BC10011025D /* Build configuration list for PBXProject "Momenting" */ = {
			isa = XCConfigurationList;
			buildConfigurations = (
				FB2989DB21193BC10011025D /* Debug */,
				FB2989DC21193BC10011025D /* Release */,
			);
			defaultConfigurationIsVisible = 0;
			defaultConfigurationName = Release;
		};
		FB2989DD21193BC10011025D /* Build configuration list for PBXNativeTarget "Momenting" */ = {
			isa = XCConfigurationList;
			buildConfigurations = (
				FB2989DE21193BC10011025D /* Debug */,
				FB2989DF21193BC10011025D /* Release */,
			);
			defaultConfigurationIsVisible = 0;
			defaultConfigurationName = Release;
		};
		FB2989E021193BC10011025D /* Build configuration list for PBXNativeTarget "MomentingTests" */ = {
			isa = XCConfigurationList;
			buildConfigurations = (
				FB2989E121193BC10011025D /* Debug */,
				FB2989E221193BC10011025D /* Release */,
			);
			defaultConfigurationIsVisible = 0;
			defaultConfigurationName = Release;
		};
		FB2989E321193BC10011025D /* Build configuration list for PBXNativeTarget "MomentingUITests" */ = {
			isa = XCConfigurationList;
			buildConfigurations = (
				FB2989E421193BC10011025D /* Debug */,
				FB2989E521193BC10011025D /* Release */,
			);
			defaultConfigurationIsVisible = 0;
			defaultConfigurationName = Release;
		};
/* End XCConfigurationList section */

/* Begin XCVersionGroup section */
		FBD9DC61211BE0CB001CE04E /* MTCoreDataModel.xcdatamodeld */ = {
			isa = XCVersionGroup;
			children = (
				FBD9DC62211BE0CB001CE04E /* MTCoreDataModel.xcdatamodel */,
			);
			currentVersion = FBD9DC62211BE0CB001CE04E /* MTCoreDataModel.xcdatamodel */;
			path = MTCoreDataModel.xcdatamodeld;
			sourceTree = "<group>";
			versionGroupType = wrapper.xcdatamodel;
		};
/* End XCVersionGroup section */
	};
	rootObject = FB2989A921193BC10011025D /* Project object */;
}
