// !$*UTF8*$!
{
	archiveVersion = 1;
	classes = {
	};
	objectVersion = 48;
	objects = {

/* Begin PBXBuildFile section */
		677069D22132044F10614E6A /* libPods-MomentingUITests.a in Frameworks */ = {isa = PBXBuildFile; fileRef = F759AFD38344CD5818049317 /* libPods-MomentingUITests.a */; };
		683120101DF0E61BC4149166 /* libPods-Momenting.a in Frameworks */ = {isa = PBXBuildFile; fileRef = 339EF9E612033D7B103304CC /* libPods-Momenting.a */; };
		722838362128700F003C28FD /* MTNoteSettingHeaderCell.m in Sources */ = {isa = PBXBuildFile; fileRef = 722838342128700E003C28FD /* MTNoteSettingHeaderCell.m */; };
		722838372128700F003C28FD /* MTNoteSettingHeaderCell.xib in Resources */ = {isa = PBXBuildFile; fileRef = 722838352128700F003C28FD /* MTNoteSettingHeaderCell.xib */; };
		7228383E212872AD003C28FD /* MTNoteSettingContentCell.m in Sources */ = {isa = PBXBuildFile; fileRef = 7228383C212872AD003C28FD /* MTNoteSettingContentCell.m */; };
		7228383F212872AD003C28FD /* MTNoteSettingContentCell.xib in Resources */ = {isa = PBXBuildFile; fileRef = 7228383D212872AD003C28FD /* MTNoteSettingContentCell.xib */; };
		72E972DE211FCE8700D96DA4 /* MTNoteSettingView.m in Sources */ = {isa = PBXBuildFile; fileRef = 72E972AF211FCE8700D96DA4 /* MTNoteSettingView.m */; };
		72E972DF211FCE8700D96DA4 /* MTHomeEmptyView.m in Sources */ = {isa = PBXBuildFile; fileRef = 72E972B4211FCE8700D96DA4 /* MTHomeEmptyView.m */; };
		72E972E0211FCE8700D96DA4 /* MTHomeEmptyView.xib in Resources */ = {isa = PBXBuildFile; fileRef = 72E972B5211FCE8700D96DA4 /* MTHomeEmptyView.xib */; };
		72E972E1211FCE8700D96DA4 /* MTHomeSectionView.m in Sources */ = {isa = PBXBuildFile; fileRef = 72E972B7211FCE8700D96DA4 /* MTHomeSectionView.m */; };
		72E972E2211FCE8700D96DA4 /* MTHomeSectionView.xib in Resources */ = {isa = PBXBuildFile; fileRef = 72E972B8211FCE8700D96DA4 /* MTHomeSectionView.xib */; };
		72E972E3211FCE8700D96DA4 /* MTHomeTextViewCell.m in Sources */ = {isa = PBXBuildFile; fileRef = 72E972BA211FCE8700D96DA4 /* MTHomeTextViewCell.m */; };
		72E972E4211FCE8700D96DA4 /* MTHomeTextViewCell.xib in Resources */ = {isa = PBXBuildFile; fileRef = 72E972BB211FCE8700D96DA4 /* MTHomeTextViewCell.xib */; };
		72E972E6211FCE8700D96DA4 /* MTNoteImagePo+CoreDataClass.m in Sources */ = {isa = PBXBuildFile; fileRef = 72E972C1211FCE8700D96DA4 /* MTNoteImagePo+CoreDataClass.m */; };
		72E972E7211FCE8700D96DA4 /* MTNoteImagePo+CoreDataProperties.m in Sources */ = {isa = PBXBuildFile; fileRef = 72E972C3211FCE8700D96DA4 /* MTNoteImagePo+CoreDataProperties.m */; };
		72E972E8211FCE8700D96DA4 /* MTNoteModel.m in Sources */ = {isa = PBXBuildFile; fileRef = 72E972C5211FCE8700D96DA4 /* MTNoteModel.m */; };
		72E972E9211FCE8700D96DA4 /* MTNotePo+CoreDataClass.m in Sources */ = {isa = PBXBuildFile; fileRef = 72E972C7211FCE8700D96DA4 /* MTNotePo+CoreDataClass.m */; };
		72E972EA211FCE8700D96DA4 /* MTNotePo+CoreDataProperties.m in Sources */ = {isa = PBXBuildFile; fileRef = 72E972C9211FCE8700D96DA4 /* MTNotePo+CoreDataProperties.m */; };
		72E972EB211FCE8700D96DA4 /* MTNoteTextPo+CoreDataClass.m in Sources */ = {isa = PBXBuildFile; fileRef = 72E972CB211FCE8700D96DA4 /* MTNoteTextPo+CoreDataClass.m */; };
		72E972EC211FCE8700D96DA4 /* MTNoteTextPo+CoreDataProperties.m in Sources */ = {isa = PBXBuildFile; fileRef = 72E972CD211FCE8700D96DA4 /* MTNoteTextPo+CoreDataProperties.m */; };
		72E972ED211FCE8700D96DA4 /* MTNoteToolsImageCell.m in Sources */ = {isa = PBXBuildFile; fileRef = 72E972D0211FCE8700D96DA4 /* MTNoteToolsImageCell.m */; };
		72E972EE211FCE8700D96DA4 /* MTNoteToolsImageCell.xib in Resources */ = {isa = PBXBuildFile; fileRef = 72E972D1211FCE8700D96DA4 /* MTNoteToolsImageCell.xib */; };
		72E972EF211FCE8700D96DA4 /* MTNoteToolsTextCell.m in Sources */ = {isa = PBXBuildFile; fileRef = 72E972D3211FCE8700D96DA4 /* MTNoteToolsTextCell.m */; };
		72E972F0211FCE8700D96DA4 /* MTNoteToolsTextCell.xib in Resources */ = {isa = PBXBuildFile; fileRef = 72E972D4211FCE8700D96DA4 /* MTNoteToolsTextCell.xib */; };
		72E972F1211FCE8700D96DA4 /* MTNoteToolsView.m in Sources */ = {isa = PBXBuildFile; fileRef = 72E972D6211FCE8700D96DA4 /* MTNoteToolsView.m */; };
		72E972F2211FCE8700D96DA4 /* MTNoteToolsView.xib in Resources */ = {isa = PBXBuildFile; fileRef = 72E972D7211FCE8700D96DA4 /* MTNoteToolsView.xib */; };
		72E972F3211FCE8700D96DA4 /* MTNoteViewController.m in Sources */ = {isa = PBXBuildFile; fileRef = 72E972DA211FCE8700D96DA4 /* MTNoteViewController.m */; };
		72E972F4211FCE8700D96DA4 /* MTNoteViewController.xib in Resources */ = {isa = PBXBuildFile; fileRef = 72E972DB211FCE8700D96DA4 /* MTNoteViewController.xib */; };
		72E97300211FCEA500D96DA4 /* MTActionAlertView.m in Sources */ = {isa = PBXBuildFile; fileRef = 72E972F8211FCEA500D96DA4 /* MTActionAlertView.m */; };
		72E97301211FCEA500D96DA4 /* MTActionAlertView.xib in Resources */ = {isa = PBXBuildFile; fileRef = 72E972F9211FCEA500D96DA4 /* MTActionAlertView.xib */; };
		72E97302211FCEA500D96DA4 /* MTActionSheetView.m in Sources */ = {isa = PBXBuildFile; fileRef = 72E972FB211FCEA500D96DA4 /* MTActionSheetView.m */; };
		72E97303211FCEA500D96DA4 /* MTActionSheetView.xib in Resources */ = {isa = PBXBuildFile; fileRef = 72E972FC211FCEA500D96DA4 /* MTActionSheetView.xib */; };
		72E97304211FCEA500D96DA4 /* MTNavigationView.m in Sources */ = {isa = PBXBuildFile; fileRef = 72E972FE211FCEA500D96DA4 /* MTNavigationView.m */; };
		72E97305211FCEA500D96DA4 /* MTNavigationView.xib in Resources */ = {isa = PBXBuildFile; fileRef = 72E972FF211FCEA500D96DA4 /* MTNavigationView.xib */; };
		72E97329211FD23700D96DA4 /* MTCoreDataDao.m in Sources */ = {isa = PBXBuildFile; fileRef = 72E97327211FD23700D96DA4 /* MTCoreDataDao.m */; };
		72E9732A211FD23700D96DA4 /* MTCoreDataManager.m in Sources */ = {isa = PBXBuildFile; fileRef = 72E97328211FD23700D96DA4 /* MTCoreDataManager.m */; };
		72E9732D211FD23F00D96DA4 /* MTDateFormatManager.m in Sources */ = {isa = PBXBuildFile; fileRef = 72E9732B211FD23F00D96DA4 /* MTDateFormatManager.m */; };
		72E97330211FD2B900D96DA4 /* MTSanboxFile.m in Sources */ = {isa = PBXBuildFile; fileRef = 72E9732F211FD2B900D96DA4 /* MTSanboxFile.m */; };
		72E97333211FD2C700D96DA4 /* MTMediaFileManager.m in Sources */ = {isa = PBXBuildFile; fileRef = 72E97331211FD2C700D96DA4 /* MTMediaFileManager.m */; };
		72E9733E211FD30C00D96DA4 /* UIColor+Hex.m in Sources */ = {isa = PBXBuildFile; fileRef = 72E97339211FD30C00D96DA4 /* UIColor+Hex.m */; };
		72E9733F211FD30C00D96DA4 /* UITableViewCell+Categoty.m in Sources */ = {isa = PBXBuildFile; fileRef = 72E9733B211FD30C00D96DA4 /* UITableViewCell+Categoty.m */; };
		72E97340211FD30C00D96DA4 /* UITextView+Category.m in Sources */ = {isa = PBXBuildFile; fileRef = 72E9733D211FD30C00D96DA4 /* UITextView+Category.m */; };
		72E97345211FD68D00D96DA4 /* ViewController.m in Sources */ = {isa = PBXBuildFile; fileRef = 72E97343211FD68C00D96DA4 /* ViewController.m */; };
		72E9734C211FD90600D96DA4 /* UIImage+ImageCompress.m in Sources */ = {isa = PBXBuildFile; fileRef = 72E9734A211FD90600D96DA4 /* UIImage+ImageCompress.m */; };
		D138E1478A5DEC49E5A98D5F /* libPods-MomentingTests.a in Frameworks */ = {isa = PBXBuildFile; fileRef = 8F871E6CE11387C8E90F083C /* libPods-MomentingTests.a */; };
		FB0A37612123EB83007CB0DC /* UIView+Category.m in Sources */ = {isa = PBXBuildFile; fileRef = FB0A37602123EB82007CB0DC /* UIView+Category.m */; };
		FB0A37632123FEED007CB0DC /* MTActionToastView.xib in Resources */ = {isa = PBXBuildFile; fileRef = FB0A37622123FEED007CB0DC /* MTActionToastView.xib */; };
		FB0A37662123FF9F007CB0DC /* MTActionToastView.m in Sources */ = {isa = PBXBuildFile; fileRef = FB0A37652123FF9F007CB0DC /* MTActionToastView.m */; };
		FB0A376921241A8D007CB0DC /* MTNoteDetailSectionView.m in Sources */ = {isa = PBXBuildFile; fileRef = FB0A376821241A8D007CB0DC /* MTNoteDetailSectionView.m */; };
		FB0A376B21241A9A007CB0DC /* MTNoteDetailSectionView.xib in Resources */ = {isa = PBXBuildFile; fileRef = FB0A376A21241A9A007CB0DC /* MTNoteDetailSectionView.xib */; };
		FB2989B621193BC10011025D /* AppDelegate.m in Sources */ = {isa = PBXBuildFile; fileRef = FB2989B521193BC10011025D /* AppDelegate.m */; };
		FB2989BC21193BC10011025D /* Main.storyboard in Resources */ = {isa = PBXBuildFile; fileRef = FB2989BA21193BC10011025D /* Main.storyboard */; };
		FB2989BE21193BC10011025D /* Assets.xcassets in Resources */ = {isa = PBXBuildFile; fileRef = FB2989BD21193BC10011025D /* Assets.xcassets */; };
		FB2989C121193BC10011025D /* LaunchScreen.storyboard in Resources */ = {isa = PBXBuildFile; fileRef = FB2989BF21193BC10011025D /* LaunchScreen.storyboard */; };
		FB2989C421193BC10011025D /* main.m in Sources */ = {isa = PBXBuildFile; fileRef = FB2989C321193BC10011025D /* main.m */; };
		FB2989CE21193BC10011025D /* MomentingTests.m in Sources */ = {isa = PBXBuildFile; fileRef = FB2989CD21193BC10011025D /* MomentingTests.m */; };
		FB2989D921193BC10011025D /* MomentingUITests.m in Sources */ = {isa = PBXBuildFile; fileRef = FB2989D821193BC10011025D /* MomentingUITests.m */; };
		FB3A96D22122867C0033911E /* MTNoteDetailViewController.m in Sources */ = {isa = PBXBuildFile; fileRef = FB3A96D02122867C0033911E /* MTNoteDetailViewController.m */; };
		FB3A96D32122867C0033911E /* MTNoteDetailViewController.xib in Resources */ = {isa = PBXBuildFile; fileRef = FB3A96D12122867C0033911E /* MTNoteDetailViewController.xib */; };
		FB874ACA212160FF0050DD58 /* MTDeleteStyleTableView.m in Sources */ = {isa = PBXBuildFile; fileRef = FB874AC9212160FF0050DD58 /* MTDeleteStyleTableView.m */; };
		FBD9DC63211BE0CB001CE04E /* MTCoreDataModel.xcdatamodeld in Sources */ = {isa = PBXBuildFile; fileRef = FBD9DC61211BE0CB001CE04E /* MTCoreDataModel.xcdatamodeld */; };
		FBE5F23F21267B6600B24208 /* MTNotificationManager.m in Sources */ = {isa = PBXBuildFile; fileRef = FBE5F23E21267B6600B24208 /* MTNotificationManager.m */; };
/* End PBXBuildFile section */

/* Begin PBXContainerItemProxy section */
		FB2989CA21193BC10011025D /* PBXContainerItemProxy */ = {
			isa = PBXContainerItemProxy;
			containerPortal = FB2989A921193BC10011025D /* Project object */;
			proxyType = 1;
			remoteGlobalIDString = FB2989B021193BC10011025D;
			remoteInfo = Momenting;
		};
		FB2989D521193BC10011025D /* PBXContainerItemProxy */ = {
			isa = PBXContainerItemProxy;
			containerPortal = FB2989A921193BC10011025D /* Project object */;
			proxyType = 1;
			remoteGlobalIDString = FB2989B021193BC10011025D;
			remoteInfo = Momenting;
		};
/* End PBXContainerItemProxy section */

/* Begin PBXFileReference section */
		0E871D87A53CD8759F3EA067 /* Pods-MomentingTests.release.xcconfig */ = {isa = PBXFileReference; includeInIndex = 1; lastKnownFileType = text.xcconfig; name = "Pods-MomentingTests.release.xcconfig"; path = "Pods/Target Support Files/Pods-MomentingTests/Pods-MomentingTests.release.xcconfig"; sourceTree = "<group>"; };
		339EF9E612033D7B103304CC /* libPods-Momenting.a */ = {isa = PBXFileReference; explicitFileType = archive.ar; includeInIndex = 0; path = "libPods-Momenting.a"; sourceTree = BUILT_PRODUCTS_DIR; };
		394B147571E7885531BEE82F /* Pods-MomentingTests.debug.xcconfig */ = {isa = PBXFileReference; includeInIndex = 1; lastKnownFileType = text.xcconfig; name = "Pods-MomentingTests.debug.xcconfig"; path = "Pods/Target Support Files/Pods-MomentingTests/Pods-MomentingTests.debug.xcconfig"; sourceTree = "<group>"; };
		722838332128700E003C28FD /* MTNoteSettingHeaderCell.h */ = {isa = PBXFileReference; lastKnownFileType = sourcecode.c.h; path = MTNoteSettingHeaderCell.h; sourceTree = "<group>"; };
		722838342128700E003C28FD /* MTNoteSettingHeaderCell.m */ = {isa = PBXFileReference; lastKnownFileType = sourcecode.c.objc; path = MTNoteSettingHeaderCell.m; sourceTree = "<group>"; };
		722838352128700F003C28FD /* MTNoteSettingHeaderCell.xib */ = {isa = PBXFileReference; lastKnownFileType = file.xib; path = MTNoteSettingHeaderCell.xib; sourceTree = "<group>"; };
		7228383B212872AD003C28FD /* MTNoteSettingContentCell.h */ = {isa = PBXFileReference; lastKnownFileType = sourcecode.c.h; path = MTNoteSettingContentCell.h; sourceTree = "<group>"; };
		7228383C212872AD003C28FD /* MTNoteSettingContentCell.m */ = {isa = PBXFileReference; lastKnownFileType = sourcecode.c.objc; path = MTNoteSettingContentCell.m; sourceTree = "<group>"; };
		7228383D212872AD003C28FD /* MTNoteSettingContentCell.xib */ = {isa = PBXFileReference; lastKnownFileType = file.xib; path = MTNoteSettingContentCell.xib; sourceTree = "<group>"; };
		72E972AE211FCE8700D96DA4 /* MTNoteSettingView.h */ = {isa = PBXFileReference; fileEncoding = 4; lastKnownFileType = sourcecode.c.h; path = MTNoteSettingView.h; sourceTree = "<group>"; };
		72E972AF211FCE8700D96DA4 /* MTNoteSettingView.m */ = {isa = PBXFileReference; fileEncoding = 4; lastKnownFileType = sourcecode.c.objc; path = MTNoteSettingView.m; sourceTree = "<group>"; };
		72E972B3211FCE8700D96DA4 /* MTHomeEmptyView.h */ = {isa = PBXFileReference; fileEncoding = 4; lastKnownFileType = sourcecode.c.h; path = MTHomeEmptyView.h; sourceTree = "<group>"; };
		72E972B4211FCE8700D96DA4 /* MTHomeEmptyView.m */ = {isa = PBXFileReference; fileEncoding = 4; lastKnownFileType = sourcecode.c.objc; path = MTHomeEmptyView.m; sourceTree = "<group>"; };
		72E972B5211FCE8700D96DA4 /* MTHomeEmptyView.xib */ = {isa = PBXFileReference; fileEncoding = 4; lastKnownFileType = file.xib; path = MTHomeEmptyView.xib; sourceTree = "<group>"; };
		72E972B6211FCE8700D96DA4 /* MTHomeSectionView.h */ = {isa = PBXFileReference; fileEncoding = 4; lastKnownFileType = sourcecode.c.h; path = MTHomeSectionView.h; sourceTree = "<group>"; };
		72E972B7211FCE8700D96DA4 /* MTHomeSectionView.m */ = {isa = PBXFileReference; fileEncoding = 4; lastKnownFileType = sourcecode.c.objc; path = MTHomeSectionView.m; sourceTree = "<group>"; };
		72E972B8211FCE8700D96DA4 /* MTHomeSectionView.xib */ = {isa = PBXFileReference; fileEncoding = 4; lastKnownFileType = file.xib; path = MTHomeSectionView.xib; sourceTree = "<group>"; };
		72E972B9211FCE8700D96DA4 /* MTHomeTextViewCell.h */ = {isa = PBXFileReference; fileEncoding = 4; lastKnownFileType = sourcecode.c.h; path = MTHomeTextViewCell.h; sourceTree = "<group>"; };
		72E972BA211FCE8700D96DA4 /* MTHomeTextViewCell.m */ = {isa = PBXFileReference; fileEncoding = 4; lastKnownFileType = sourcecode.c.objc; path = MTHomeTextViewCell.m; sourceTree = "<group>"; };
		72E972BB211FCE8700D96DA4 /* MTHomeTextViewCell.xib */ = {isa = PBXFileReference; fileEncoding = 4; lastKnownFileType = file.xib; path = MTHomeTextViewCell.xib; sourceTree = "<group>"; };
		72E972C0211FCE8700D96DA4 /* MTNoteImagePo+CoreDataClass.h */ = {isa = PBXFileReference; fileEncoding = 4; lastKnownFileType = sourcecode.c.h; path = "MTNoteImagePo+CoreDataClass.h"; sourceTree = "<group>"; };
		72E972C1211FCE8700D96DA4 /* MTNoteImagePo+CoreDataClass.m */ = {isa = PBXFileReference; fileEncoding = 4; lastKnownFileType = sourcecode.c.objc; path = "MTNoteImagePo+CoreDataClass.m"; sourceTree = "<group>"; };
		72E972C2211FCE8700D96DA4 /* MTNoteImagePo+CoreDataProperties.h */ = {isa = PBXFileReference; fileEncoding = 4; lastKnownFileType = sourcecode.c.h; path = "MTNoteImagePo+CoreDataProperties.h"; sourceTree = "<group>"; };
		72E972C3211FCE8700D96DA4 /* MTNoteImagePo+CoreDataProperties.m */ = {isa = PBXFileReference; fileEncoding = 4; lastKnownFileType = sourcecode.c.objc; path = "MTNoteImagePo+CoreDataProperties.m"; sourceTree = "<group>"; };
		72E972C4211FCE8700D96DA4 /* MTNoteModel.h */ = {isa = PBXFileReference; fileEncoding = 4; lastKnownFileType = sourcecode.c.h; path = MTNoteModel.h; sourceTree = "<group>"; };
		72E972C5211FCE8700D96DA4 /* MTNoteModel.m */ = {isa = PBXFileReference; fileEncoding = 4; lastKnownFileType = sourcecode.c.objc; path = MTNoteModel.m; sourceTree = "<group>"; };
		72E972C6211FCE8700D96DA4 /* MTNotePo+CoreDataClass.h */ = {isa = PBXFileReference; fileEncoding = 4; lastKnownFileType = sourcecode.c.h; path = "MTNotePo+CoreDataClass.h"; sourceTree = "<group>"; };
		72E972C7211FCE8700D96DA4 /* MTNotePo+CoreDataClass.m */ = {isa = PBXFileReference; fileEncoding = 4; lastKnownFileType = sourcecode.c.objc; path = "MTNotePo+CoreDataClass.m"; sourceTree = "<group>"; };
		72E972C8211FCE8700D96DA4 /* MTNotePo+CoreDataProperties.h */ = {isa = PBXFileReference; fileEncoding = 4; lastKnownFileType = sourcecode.c.h; path = "MTNotePo+CoreDataProperties.h"; sourceTree = "<group>"; };
		72E972C9211FCE8700D96DA4 /* MTNotePo+CoreDataProperties.m */ = {isa = PBXFileReference; fileEncoding = 4; lastKnownFileType = sourcecode.c.objc; path = "MTNotePo+CoreDataProperties.m"; sourceTree = "<group>"; };
		72E972CA211FCE8700D96DA4 /* MTNoteTextPo+CoreDataClass.h */ = {isa = PBXFileReference; fileEncoding = 4; lastKnownFileType = sourcecode.c.h; path = "MTNoteTextPo+CoreDataClass.h"; sourceTree = "<group>"; };
		72E972CB211FCE8700D96DA4 /* MTNoteTextPo+CoreDataClass.m */ = {isa = PBXFileReference; fileEncoding = 4; lastKnownFileType = sourcecode.c.objc; path = "MTNoteTextPo+CoreDataClass.m"; sourceTree = "<group>"; };
		72E972CC211FCE8700D96DA4 /* MTNoteTextPo+CoreDataProperties.h */ = {isa = PBXFileReference; fileEncoding = 4; lastKnownFileType = sourcecode.c.h; path = "MTNoteTextPo+CoreDataProperties.h"; sourceTree = "<group>"; };
		72E972CD211FCE8700D96DA4 /* MTNoteTextPo+CoreDataProperties.m */ = {isa = PBXFileReference; fileEncoding = 4; lastKnownFileType = sourcecode.c.objc; path = "MTNoteTextPo+CoreDataProperties.m"; sourceTree = "<group>"; };
		72E972CF211FCE8700D96DA4 /* MTNoteToolsImageCell.h */ = {isa = PBXFileReference; fileEncoding = 4; lastKnownFileType = sourcecode.c.h; path = MTNoteToolsImageCell.h; sourceTree = "<group>"; };
		72E972D0211FCE8700D96DA4 /* MTNoteToolsImageCell.m */ = {isa = PBXFileReference; fileEncoding = 4; lastKnownFileType = sourcecode.c.objc; path = MTNoteToolsImageCell.m; sourceTree = "<group>"; };
		72E972D1211FCE8700D96DA4 /* MTNoteToolsImageCell.xib */ = {isa = PBXFileReference; fileEncoding = 4; lastKnownFileType = file.xib; path = MTNoteToolsImageCell.xib; sourceTree = "<group>"; };
		72E972D2211FCE8700D96DA4 /* MTNoteToolsTextCell.h */ = {isa = PBXFileReference; fileEncoding = 4; lastKnownFileType = sourcecode.c.h; path = MTNoteToolsTextCell.h; sourceTree = "<group>"; };
		72E972D3211FCE8700D96DA4 /* MTNoteToolsTextCell.m */ = {isa = PBXFileReference; fileEncoding = 4; lastKnownFileType = sourcecode.c.objc; path = MTNoteToolsTextCell.m; sourceTree = "<group>"; };
		72E972D4211FCE8700D96DA4 /* MTNoteToolsTextCell.xib */ = {isa = PBXFileReference; fileEncoding = 4; lastKnownFileType = file.xib; path = MTNoteToolsTextCell.xib; sourceTree = "<group>"; };
		72E972D5211FCE8700D96DA4 /* MTNoteToolsView.h */ = {isa = PBXFileReference; fileEncoding = 4; lastKnownFileType = sourcecode.c.h; path = MTNoteToolsView.h; sourceTree = "<group>"; };
		72E972D6211FCE8700D96DA4 /* MTNoteToolsView.m */ = {isa = PBXFileReference; fileEncoding = 4; lastKnownFileType = sourcecode.c.objc; path = MTNoteToolsView.m; sourceTree = "<group>"; };
		72E972D7211FCE8700D96DA4 /* MTNoteToolsView.xib */ = {isa = PBXFileReference; fileEncoding = 4; lastKnownFileType = file.xib; path = MTNoteToolsView.xib; sourceTree = "<group>"; };
		72E972D9211FCE8700D96DA4 /* MTNoteViewController.h */ = {isa = PBXFileReference; fileEncoding = 4; lastKnownFileType = sourcecode.c.h; path = MTNoteViewController.h; sourceTree = "<group>"; };
		72E972DA211FCE8700D96DA4 /* MTNoteViewController.m */ = {isa = PBXFileReference; fileEncoding = 4; lastKnownFileType = sourcecode.c.objc; path = MTNoteViewController.m; sourceTree = "<group>"; };
		72E972DB211FCE8700D96DA4 /* MTNoteViewController.xib */ = {isa = PBXFileReference; fileEncoding = 4; lastKnownFileType = file.xib; path = MTNoteViewController.xib; sourceTree = "<group>"; };
		72E972F7211FCEA500D96DA4 /* MTActionAlertView.h */ = {isa = PBXFileReference; fileEncoding = 4; lastKnownFileType = sourcecode.c.h; path = MTActionAlertView.h; sourceTree = "<group>"; };
		72E972F8211FCEA500D96DA4 /* MTActionAlertView.m */ = {isa = PBXFileReference; fileEncoding = 4; lastKnownFileType = sourcecode.c.objc; path = MTActionAlertView.m; sourceTree = "<group>"; };
		72E972F9211FCEA500D96DA4 /* MTActionAlertView.xib */ = {isa = PBXFileReference; fileEncoding = 4; lastKnownFileType = file.xib; path = MTActionAlertView.xib; sourceTree = "<group>"; };
		72E972FA211FCEA500D96DA4 /* MTActionSheetView.h */ = {isa = PBXFileReference; fileEncoding = 4; lastKnownFileType = sourcecode.c.h; path = MTActionSheetView.h; sourceTree = "<group>"; };
		72E972FB211FCEA500D96DA4 /* MTActionSheetView.m */ = {isa = PBXFileReference; fileEncoding = 4; lastKnownFileType = sourcecode.c.objc; path = MTActionSheetView.m; sourceTree = "<group>"; };
		72E972FC211FCEA500D96DA4 /* MTActionSheetView.xib */ = {isa = PBXFileReference; fileEncoding = 4; lastKnownFileType = file.xib; path = MTActionSheetView.xib; sourceTree = "<group>"; };
		72E972FD211FCEA500D96DA4 /* MTNavigationView.h */ = {isa = PBXFileReference; fileEncoding = 4; lastKnownFileType = sourcecode.c.h; path = MTNavigationView.h; sourceTree = "<group>"; };
		72E972FE211FCEA500D96DA4 /* MTNavigationView.m */ = {isa = PBXFileReference; fileEncoding = 4; lastKnownFileType = sourcecode.c.objc; path = MTNavigationView.m; sourceTree = "<group>"; };
		72E972FF211FCEA500D96DA4 /* MTNavigationView.xib */ = {isa = PBXFileReference; fileEncoding = 4; lastKnownFileType = file.xib; path = MTNavigationView.xib; sourceTree = "<group>"; };
		72E97325211FD23700D96DA4 /* MTCoreDataDao.h */ = {isa = PBXFileReference; fileEncoding = 4; lastKnownFileType = sourcecode.c.h; path = MTCoreDataDao.h; sourceTree = "<group>"; };
		72E97326211FD23700D96DA4 /* MTCoreDataManager.h */ = {isa = PBXFileReference; fileEncoding = 4; lastKnownFileType = sourcecode.c.h; path = MTCoreDataManager.h; sourceTree = "<group>"; };
		72E97327211FD23700D96DA4 /* MTCoreDataDao.m */ = {isa = PBXFileReference; fileEncoding = 4; lastKnownFileType = sourcecode.c.objc; path = MTCoreDataDao.m; sourceTree = "<group>"; };
		72E97328211FD23700D96DA4 /* MTCoreDataManager.m */ = {isa = PBXFileReference; fileEncoding = 4; lastKnownFileType = sourcecode.c.objc; path = MTCoreDataManager.m; sourceTree = "<group>"; };
		72E9732B211FD23F00D96DA4 /* MTDateFormatManager.m */ = {isa = PBXFileReference; fileEncoding = 4; lastKnownFileType = sourcecode.c.objc; path = MTDateFormatManager.m; sourceTree = "<group>"; };
		72E9732C211FD23F00D96DA4 /* MTDateFormatManager.h */ = {isa = PBXFileReference; fileEncoding = 4; lastKnownFileType = sourcecode.c.h; path = MTDateFormatManager.h; sourceTree = "<group>"; };
		72E9732E211FD2B900D96DA4 /* MTSanboxFile.h */ = {isa = PBXFileReference; fileEncoding = 4; lastKnownFileType = sourcecode.c.h; path = MTSanboxFile.h; sourceTree = "<group>"; };
		72E9732F211FD2B900D96DA4 /* MTSanboxFile.m */ = {isa = PBXFileReference; fileEncoding = 4; lastKnownFileType = sourcecode.c.objc; path = MTSanboxFile.m; sourceTree = "<group>"; };
		72E97331211FD2C700D96DA4 /* MTMediaFileManager.m */ = {isa = PBXFileReference; fileEncoding = 4; lastKnownFileType = sourcecode.c.objc; path = MTMediaFileManager.m; sourceTree = "<group>"; };
		72E97332211FD2C700D96DA4 /* MTMediaFileManager.h */ = {isa = PBXFileReference; fileEncoding = 4; lastKnownFileType = sourcecode.c.h; path = MTMediaFileManager.h; sourceTree = "<group>"; };
		72E97338211FD30C00D96DA4 /* UIColor+Hex.h */ = {isa = PBXFileReference; fileEncoding = 4; lastKnownFileType = sourcecode.c.h; path = "UIColor+Hex.h"; sourceTree = "<group>"; };
		72E97339211FD30C00D96DA4 /* UIColor+Hex.m */ = {isa = PBXFileReference; fileEncoding = 4; lastKnownFileType = sourcecode.c.objc; path = "UIColor+Hex.m"; sourceTree = "<group>"; };
		72E9733A211FD30C00D96DA4 /* UITableViewCell+Categoty.h */ = {isa = PBXFileReference; fileEncoding = 4; lastKnownFileType = sourcecode.c.h; path = "UITableViewCell+Categoty.h"; sourceTree = "<group>"; };
		72E9733B211FD30C00D96DA4 /* UITableViewCell+Categoty.m */ = {isa = PBXFileReference; fileEncoding = 4; lastKnownFileType = sourcecode.c.objc; path = "UITableViewCell+Categoty.m"; sourceTree = "<group>"; };
		72E9733C211FD30C00D96DA4 /* UITextView+Category.h */ = {isa = PBXFileReference; fileEncoding = 4; lastKnownFileType = sourcecode.c.h; path = "UITextView+Category.h"; sourceTree = "<group>"; };
		72E9733D211FD30C00D96DA4 /* UITextView+Category.m */ = {isa = PBXFileReference; fileEncoding = 4; lastKnownFileType = sourcecode.c.objc; path = "UITextView+Category.m"; sourceTree = "<group>"; };
		72E97343211FD68C00D96DA4 /* ViewController.m */ = {isa = PBXFileReference; fileEncoding = 4; lastKnownFileType = sourcecode.c.objc; path = ViewController.m; sourceTree = "<group>"; };
		72E97344211FD68C00D96DA4 /* ViewController.h */ = {isa = PBXFileReference; fileEncoding = 4; lastKnownFileType = sourcecode.c.h; path = ViewController.h; sourceTree = "<group>"; };
		72E97348211FD81F00D96DA4 /* MTCommons.h */ = {isa = PBXFileReference; fileEncoding = 4; lastKnownFileType = sourcecode.c.h; path = MTCommons.h; sourceTree = "<group>"; };
		72E97349211FD81F00D96DA4 /* MTHeaderPrefix.pch */ = {isa = PBXFileReference; fileEncoding = 4; lastKnownFileType = sourcecode.c.h; path = MTHeaderPrefix.pch; sourceTree = "<group>"; };
		72E9734A211FD90600D96DA4 /* UIImage+ImageCompress.m */ = {isa = PBXFileReference; fileEncoding = 4; lastKnownFileType = sourcecode.c.objc; path = "UIImage+ImageCompress.m"; sourceTree = "<group>"; };
		72E9734B211FD90600D96DA4 /* UIImage+ImageCompress.h */ = {isa = PBXFileReference; fileEncoding = 4; lastKnownFileType = sourcecode.c.h; path = "UIImage+ImageCompress.h"; sourceTree = "<group>"; };
		8718DCF41C4CCA2D889767B9 /* Pods-Momenting.debug.xcconfig */ = {isa = PBXFileReference; includeInIndex = 1; lastKnownFileType = text.xcconfig; name = "Pods-Momenting.debug.xcconfig"; path = "Pods/Target Support Files/Pods-Momenting/Pods-Momenting.debug.xcconfig"; sourceTree = "<group>"; };
		8F871E6CE11387C8E90F083C /* libPods-MomentingTests.a */ = {isa = PBXFileReference; explicitFileType = archive.ar; includeInIndex = 0; path = "libPods-MomentingTests.a"; sourceTree = BUILT_PRODUCTS_DIR; };
		9CE1ACC19912647F1BB86C06 /* Pods-MomentingUITests.debug.xcconfig */ = {isa = PBXFileReference; includeInIndex = 1; lastKnownFileType = text.xcconfig; name = "Pods-MomentingUITests.debug.xcconfig"; path = "Pods/Target Support Files/Pods-MomentingUITests/Pods-MomentingUITests.debug.xcconfig"; sourceTree = "<group>"; };
		CBE9C524DC1AB51CBB12ACF5 /* Pods-Momenting.release.xcconfig */ = {isa = PBXFileReference; includeInIndex = 1; lastKnownFileType = text.xcconfig; name = "Pods-Momenting.release.xcconfig"; path = "Pods/Target Support Files/Pods-Momenting/Pods-Momenting.release.xcconfig"; sourceTree = "<group>"; };
		F05DA3419D69EB65736AF8B7 /* Pods-MomentingUITests.release.xcconfig */ = {isa = PBXFileReference; includeInIndex = 1; lastKnownFileType = text.xcconfig; name = "Pods-MomentingUITests.release.xcconfig"; path = "Pods/Target Support Files/Pods-MomentingUITests/Pods-MomentingUITests.release.xcconfig"; sourceTree = "<group>"; };
		F759AFD38344CD5818049317 /* libPods-MomentingUITests.a */ = {isa = PBXFileReference; explicitFileType = archive.ar; includeInIndex = 0; path = "libPods-MomentingUITests.a"; sourceTree = BUILT_PRODUCTS_DIR; };
		FB0A375F2123EB82007CB0DC /* UIView+Category.h */ = {isa = PBXFileReference; fileEncoding = 4; lastKnownFileType = sourcecode.c.h; path = "UIView+Category.h"; sourceTree = "<group>"; };
		FB0A37602123EB82007CB0DC /* UIView+Category.m */ = {isa = PBXFileReference; fileEncoding = 4; lastKnownFileType = sourcecode.c.objc; path = "UIView+Category.m"; sourceTree = "<group>"; };
		FB0A37622123FEED007CB0DC /* MTActionToastView.xib */ = {isa = PBXFileReference; lastKnownFileType = file.xib; path = MTActionToastView.xib; sourceTree = "<group>"; };
		FB0A37642123FF9F007CB0DC /* MTActionToastView.h */ = {isa = PBXFileReference; lastKnownFileType = sourcecode.c.h; path = MTActionToastView.h; sourceTree = "<group>"; };
		FB0A37652123FF9F007CB0DC /* MTActionToastView.m */ = {isa = PBXFileReference; lastKnownFileType = sourcecode.c.objc; path = MTActionToastView.m; sourceTree = "<group>"; };
		FB0A376721241A8D007CB0DC /* MTNoteDetailSectionView.h */ = {isa = PBXFileReference; lastKnownFileType = sourcecode.c.h; path = MTNoteDetailSectionView.h; sourceTree = "<group>"; };
		FB0A376821241A8D007CB0DC /* MTNoteDetailSectionView.m */ = {isa = PBXFileReference; lastKnownFileType = sourcecode.c.objc; path = MTNoteDetailSectionView.m; sourceTree = "<group>"; };
		FB0A376A21241A9A007CB0DC /* MTNoteDetailSectionView.xib */ = {isa = PBXFileReference; lastKnownFileType = file.xib; path = MTNoteDetailSectionView.xib; sourceTree = "<group>"; };
		FB2989B121193BC10011025D /* Momenting.app */ = {isa = PBXFileReference; explicitFileType = wrapper.application; includeInIndex = 0; path = Momenting.app; sourceTree = BUILT_PRODUCTS_DIR; };
		FB2989B421193BC10011025D /* AppDelegate.h */ = {isa = PBXFileReference; lastKnownFileType = sourcecode.c.h; path = AppDelegate.h; sourceTree = "<group>"; };
		FB2989B521193BC10011025D /* AppDelegate.m */ = {isa = PBXFileReference; lastKnownFileType = sourcecode.c.objc; path = AppDelegate.m; sourceTree = "<group>"; };
		FB2989BB21193BC10011025D /* Base */ = {isa = PBXFileReference; lastKnownFileType = file.storyboard; name = Base; path = Base.lproj/Main.storyboard; sourceTree = "<group>"; };
		FB2989BD21193BC10011025D /* Assets.xcassets */ = {isa = PBXFileReference; lastKnownFileType = folder.assetcatalog; path = Assets.xcassets; sourceTree = "<group>"; };
		FB2989C021193BC10011025D /* Base */ = {isa = PBXFileReference; lastKnownFileType = file.storyboard; name = Base; path = Base.lproj/LaunchScreen.storyboard; sourceTree = "<group>"; };
		FB2989C221193BC10011025D /* Info.plist */ = {isa = PBXFileReference; lastKnownFileType = text.plist.xml; path = Info.plist; sourceTree = "<group>"; };
		FB2989C321193BC10011025D /* main.m */ = {isa = PBXFileReference; lastKnownFileType = sourcecode.c.objc; path = main.m; sourceTree = "<group>"; };
		FB2989C921193BC10011025D /* MomentingTests.xctest */ = {isa = PBXFileReference; explicitFileType = wrapper.cfbundle; includeInIndex = 0; path = MomentingTests.xctest; sourceTree = BUILT_PRODUCTS_DIR; };
		FB2989CD21193BC10011025D /* MomentingTests.m */ = {isa = PBXFileReference; lastKnownFileType = sourcecode.c.objc; path = MomentingTests.m; sourceTree = "<group>"; };
		FB2989CF21193BC10011025D /* Info.plist */ = {isa = PBXFileReference; lastKnownFileType = text.plist.xml; path = Info.plist; sourceTree = "<group>"; };
		FB2989D421193BC10011025D /* MomentingUITests.xctest */ = {isa = PBXFileReference; explicitFileType = wrapper.cfbundle; includeInIndex = 0; path = MomentingUITests.xctest; sourceTree = BUILT_PRODUCTS_DIR; };
		FB2989D821193BC10011025D /* MomentingUITests.m */ = {isa = PBXFileReference; lastKnownFileType = sourcecode.c.objc; path = MomentingUITests.m; sourceTree = "<group>"; };
		FB2989DA21193BC10011025D /* Info.plist */ = {isa = PBXFileReference; lastKnownFileType = text.plist.xml; path = Info.plist; sourceTree = "<group>"; };
		FB3A96CF2122867C0033911E /* MTNoteDetailViewController.h */ = {isa = PBXFileReference; lastKnownFileType = sourcecode.c.h; path = MTNoteDetailViewController.h; sourceTree = "<group>"; };
		FB3A96D02122867C0033911E /* MTNoteDetailViewController.m */ = {isa = PBXFileReference; lastKnownFileType = sourcecode.c.objc; path = MTNoteDetailViewController.m; sourceTree = "<group>"; };
		FB3A96D12122867C0033911E /* MTNoteDetailViewController.xib */ = {isa = PBXFileReference; lastKnownFileType = file.xib; path = MTNoteDetailViewController.xib; sourceTree = "<group>"; };
		FB874AC8212160FF0050DD58 /* MTDeleteStyleTableView.h */ = {isa = PBXFileReference; lastKnownFileType = sourcecode.c.h; path = MTDeleteStyleTableView.h; sourceTree = "<group>"; };
		FB874AC9212160FF0050DD58 /* MTDeleteStyleTableView.m */ = {isa = PBXFileReference; lastKnownFileType = sourcecode.c.objc; path = MTDeleteStyleTableView.m; sourceTree = "<group>"; };
		FBD9DC62211BE0CB001CE04E /* MTCoreDataModel.xcdatamodel */ = {isa = PBXFileReference; lastKnownFileType = wrapper.xcdatamodel; path = MTCoreDataModel.xcdatamodel; sourceTree = "<group>"; };
		FBE5F23D21267B6600B24208 /* MTNotificationManager.h */ = {isa = PBXFileReference; lastKnownFileType = sourcecode.c.h; path = MTNotificationManager.h; sourceTree = "<group>"; };
		FBE5F23E21267B6600B24208 /* MTNotificationManager.m */ = {isa = PBXFileReference; lastKnownFileType = sourcecode.c.objc; path = MTNotificationManager.m; sourceTree = "<group>"; };
/* End PBXFileReference section */

/* Begin PBXFrameworksBuildPhase section */
		FB2989AE21193BC10011025D /* Frameworks */ = {
			isa = PBXFrameworksBuildPhase;
			buildActionMask = 2147483647;
			files = (
				683120101DF0E61BC4149166 /* libPods-Momenting.a in Frameworks */,
			);
			runOnlyForDeploymentPostprocessing = 0;
		};
		FB2989C621193BC10011025D /* Frameworks */ = {
			isa = PBXFrameworksBuildPhase;
			buildActionMask = 2147483647;
			files = (
				D138E1478A5DEC49E5A98D5F /* libPods-MomentingTests.a in Frameworks */,
			);
			runOnlyForDeploymentPostprocessing = 0;
		};
		FB2989D121193BC10011025D /* Frameworks */ = {
			isa = PBXFrameworksBuildPhase;
			buildActionMask = 2147483647;
			files = (
				677069D22132044F10614E6A /* libPods-MomentingUITests.a in Frameworks */,
			);
			runOnlyForDeploymentPostprocessing = 0;
		};
/* End PBXFrameworksBuildPhase section */

/* Begin PBXGroup section */
		03ECB58D2B90DB55FD931AEF /* Frameworks */ = {
			isa = PBXGroup;
			children = (
				339EF9E612033D7B103304CC /* libPods-Momenting.a */,
				8F871E6CE11387C8E90F083C /* libPods-MomentingTests.a */,
				F759AFD38344CD5818049317 /* libPods-MomentingUITests.a */,
			);
			name = Frameworks;
			sourceTree = "<group>";
		};
		477D2F23C8392C153D1061B0 /* Pods */ = {
			isa = PBXGroup;
			children = (
				8718DCF41C4CCA2D889767B9 /* Pods-Momenting.debug.xcconfig */,
				CBE9C524DC1AB51CBB12ACF5 /* Pods-Momenting.release.xcconfig */,
				394B147571E7885531BEE82F /* Pods-MomentingTests.debug.xcconfig */,
				0E871D87A53CD8759F3EA067 /* Pods-MomentingTests.release.xcconfig */,
				9CE1ACC19912647F1BB86C06 /* Pods-MomentingUITests.debug.xcconfig */,
				F05DA3419D69EB65736AF8B7 /* Pods-MomentingUITests.release.xcconfig */,
			);
			name = Pods;
			sourceTree = "<group>";
		};
		72E972A7211FCE8700D96DA4 /* Setting */ = {
			isa = PBXGroup;
			children = (
				72E972A8211FCE8700D96DA4 /* Controller */,
				72E972AC211FCE8700D96DA4 /* Model */,
				72E972AD211FCE8700D96DA4 /* View */,
			);
			path = Setting;
			sourceTree = "<group>";
		};
		72E972A8211FCE8700D96DA4 /* Controller */ = {
			isa = PBXGroup;
			children = (
			);
			path = Controller;
			sourceTree = "<group>";
		};
		72E972AC211FCE8700D96DA4 /* Model */ = {
			isa = PBXGroup;
			children = (
			);
			path = Model;
			sourceTree = "<group>";
		};
		72E972AD211FCE8700D96DA4 /* View */ = {
			isa = PBXGroup;
			children = (
				72E972AE211FCE8700D96DA4 /* MTNoteSettingView.h */,
				72E972AF211FCE8700D96DA4 /* MTNoteSettingView.m */,
				722838332128700E003C28FD /* MTNoteSettingHeaderCell.h */,
				722838342128700E003C28FD /* MTNoteSettingHeaderCell.m */,
				722838352128700F003C28FD /* MTNoteSettingHeaderCell.xib */,
				7228383B212872AD003C28FD /* MTNoteSettingContentCell.h */,
				7228383C212872AD003C28FD /* MTNoteSettingContentCell.m */,
				7228383D212872AD003C28FD /* MTNoteSettingContentCell.xib */,
			);
			path = View;
			sourceTree = "<group>";
		};
		72E972B0211FCE8700D96DA4 /* Home */ = {
			isa = PBXGroup;
			children = (
				72E972B1211FCE8700D96DA4 /* Model */,
				72E972B2211FCE8700D96DA4 /* View */,
				72E972BD211FCE8700D96DA4 /* ViewController */,
			);
			path = Home;
			sourceTree = "<group>";
		};
		72E972B1211FCE8700D96DA4 /* Model */ = {
			isa = PBXGroup;
			children = (
			);
			path = Model;
			sourceTree = "<group>";
		};
		72E972B2211FCE8700D96DA4 /* View */ = {
			isa = PBXGroup;
			children = (
				72E972B3211FCE8700D96DA4 /* MTHomeEmptyView.h */,
				72E972B4211FCE8700D96DA4 /* MTHomeEmptyView.m */,
				72E972B5211FCE8700D96DA4 /* MTHomeEmptyView.xib */,
				72E972B6211FCE8700D96DA4 /* MTHomeSectionView.h */,
				72E972B7211FCE8700D96DA4 /* MTHomeSectionView.m */,
				72E972B8211FCE8700D96DA4 /* MTHomeSectionView.xib */,
				72E972B9211FCE8700D96DA4 /* MTHomeTextViewCell.h */,
				72E972BA211FCE8700D96DA4 /* MTHomeTextViewCell.m */,
				72E972BB211FCE8700D96DA4 /* MTHomeTextViewCell.xib */,
			);
			path = View;
			sourceTree = "<group>";
		};
		72E972BD211FCE8700D96DA4 /* ViewController */ = {
			isa = PBXGroup;
			children = (
				72E97344211FD68C00D96DA4 /* ViewController.h */,
				72E97343211FD68C00D96DA4 /* ViewController.m */,
			);
			path = ViewController;
			sourceTree = "<group>";
		};
		72E972BE211FCE8700D96DA4 /* Note */ = {
			isa = PBXGroup;
			children = (
				72E972BF211FCE8700D96DA4 /* Model */,
				72E972CE211FCE8700D96DA4 /* View */,
				72E972D8211FCE8700D96DA4 /* ViewController */,
			);
			path = Note;
			sourceTree = "<group>";
		};
		72E972BF211FCE8700D96DA4 /* Model */ = {
			isa = PBXGroup;
			children = (
				72E972C0211FCE8700D96DA4 /* MTNoteImagePo+CoreDataClass.h */,
				72E972C1211FCE8700D96DA4 /* MTNoteImagePo+CoreDataClass.m */,
				72E972C2211FCE8700D96DA4 /* MTNoteImagePo+CoreDataProperties.h */,
				72E972C3211FCE8700D96DA4 /* MTNoteImagePo+CoreDataProperties.m */,
				72E972C4211FCE8700D96DA4 /* MTNoteModel.h */,
				72E972C5211FCE8700D96DA4 /* MTNoteModel.m */,
				72E972C6211FCE8700D96DA4 /* MTNotePo+CoreDataClass.h */,
				72E972C7211FCE8700D96DA4 /* MTNotePo+CoreDataClass.m */,
				72E972C8211FCE8700D96DA4 /* MTNotePo+CoreDataProperties.h */,
				72E972C9211FCE8700D96DA4 /* MTNotePo+CoreDataProperties.m */,
				72E972CA211FCE8700D96DA4 /* MTNoteTextPo+CoreDataClass.h */,
				72E972CB211FCE8700D96DA4 /* MTNoteTextPo+CoreDataClass.m */,
				72E972CC211FCE8700D96DA4 /* MTNoteTextPo+CoreDataProperties.h */,
				72E972CD211FCE8700D96DA4 /* MTNoteTextPo+CoreDataProperties.m */,
			);
			path = Model;
			sourceTree = "<group>";
		};
		72E972CE211FCE8700D96DA4 /* View */ = {
			isa = PBXGroup;
			children = (
				72E972CF211FCE8700D96DA4 /* MTNoteToolsImageCell.h */,
				72E972D0211FCE8700D96DA4 /* MTNoteToolsImageCell.m */,
				72E972D1211FCE8700D96DA4 /* MTNoteToolsImageCell.xib */,
				72E972D2211FCE8700D96DA4 /* MTNoteToolsTextCell.h */,
				72E972D3211FCE8700D96DA4 /* MTNoteToolsTextCell.m */,
				72E972D4211FCE8700D96DA4 /* MTNoteToolsTextCell.xib */,
				72E972D5211FCE8700D96DA4 /* MTNoteToolsView.h */,
				72E972D6211FCE8700D96DA4 /* MTNoteToolsView.m */,
				72E972D7211FCE8700D96DA4 /* MTNoteToolsView.xib */,
			);
			path = View;
			sourceTree = "<group>";
		};
		72E972D8211FCE8700D96DA4 /* ViewController */ = {
			isa = PBXGroup;
			children = (
				72E972D9211FCE8700D96DA4 /* MTNoteViewController.h */,
				72E972DA211FCE8700D96DA4 /* MTNoteViewController.m */,
				72E972DB211FCE8700D96DA4 /* MTNoteViewController.xib */,
			);
			path = ViewController;
			sourceTree = "<group>";
		};
		72E972F5211FCEA500D96DA4 /* Other */ = {
			isa = PBXGroup;
			children = (
				72E972F6211FCEA500D96DA4 /* View */,
			);
			path = Other;
			sourceTree = "<group>";
		};
		72E972F6211FCEA500D96DA4 /* View */ = {
			isa = PBXGroup;
			children = (
				72E972F7211FCEA500D96DA4 /* MTActionAlertView.h */,
				72E972F8211FCEA500D96DA4 /* MTActionAlertView.m */,
				72E972F9211FCEA500D96DA4 /* MTActionAlertView.xib */,
				72E972FA211FCEA500D96DA4 /* MTActionSheetView.h */,
				72E972FB211FCEA500D96DA4 /* MTActionSheetView.m */,
				72E972FC211FCEA500D96DA4 /* MTActionSheetView.xib */,
				72E972FD211FCEA500D96DA4 /* MTNavigationView.h */,
				72E972FE211FCEA500D96DA4 /* MTNavigationView.m */,
				72E972FF211FCEA500D96DA4 /* MTNavigationView.xib */,
				FB0A37622123FEED007CB0DC /* MTActionToastView.xib */,
				FB0A37642123FF9F007CB0DC /* MTActionToastView.h */,
				FB0A37652123FF9F007CB0DC /* MTActionToastView.m */,
			);
			path = View;
			sourceTree = "<group>";
		};
		72E97307211FD02900D96DA4 /* Vender */ = {
			isa = PBXGroup;
			children = (
			);
			path = Vender;
			sourceTree = "<group>";
		};
		72E97321211FD1BB00D96DA4 /* Expand */ = {
			isa = PBXGroup;
			children = (
				FBE5F23C21267B3B00B24208 /* Notification */,
				FB874AC7212160C90050DD58 /* Custom */,
				72E97337211FD30C00D96DA4 /* Category */,
				72E97324211FD1FE00D96DA4 /* Sanbox */,
				72E97323211FD1D600D96DA4 /* Tools */,
				72E97322211FD1BB00D96DA4 /* Db */,
			);
			path = Expand;
			sourceTree = "<group>";
		};
		72E97322211FD1BB00D96DA4 /* Db */ = {
			isa = PBXGroup;
			children = (
				72E97325211FD23700D96DA4 /* MTCoreDataDao.h */,
				72E97327211FD23700D96DA4 /* MTCoreDataDao.m */,
				72E97326211FD23700D96DA4 /* MTCoreDataManager.h */,
				72E97328211FD23700D96DA4 /* MTCoreDataManager.m */,
			);
			path = Db;
			sourceTree = "<group>";
		};
		72E97323211FD1D600D96DA4 /* Tools */ = {
			isa = PBXGroup;
			children = (
				72E9732C211FD23F00D96DA4 /* MTDateFormatManager.h */,
				72E9732B211FD23F00D96DA4 /* MTDateFormatManager.m */,
			);
			path = Tools;
			sourceTree = "<group>";
		};
		72E97324211FD1FE00D96DA4 /* Sanbox */ = {
			isa = PBXGroup;
			children = (
				72E97332211FD2C700D96DA4 /* MTMediaFileManager.h */,
				72E97331211FD2C700D96DA4 /* MTMediaFileManager.m */,
				72E9732E211FD2B900D96DA4 /* MTSanboxFile.h */,
				72E9732F211FD2B900D96DA4 /* MTSanboxFile.m */,
			);
			path = Sanbox;
			sourceTree = "<group>";
		};
		72E97337211FD30C00D96DA4 /* Category */ = {
			isa = PBXGroup;
			children = (
				FB0A375F2123EB82007CB0DC /* UIView+Category.h */,
				FB0A37602123EB82007CB0DC /* UIView+Category.m */,
				72E9734B211FD90600D96DA4 /* UIImage+ImageCompress.h */,
				72E9734A211FD90600D96DA4 /* UIImage+ImageCompress.m */,
				72E97338211FD30C00D96DA4 /* UIColor+Hex.h */,
				72E97339211FD30C00D96DA4 /* UIColor+Hex.m */,
				72E9733A211FD30C00D96DA4 /* UITableViewCell+Categoty.h */,
				72E9733B211FD30C00D96DA4 /* UITableViewCell+Categoty.m */,
				72E9733C211FD30C00D96DA4 /* UITextView+Category.h */,
				72E9733D211FD30C00D96DA4 /* UITextView+Category.m */,
			);
			path = Category;
			sourceTree = "<group>";
		};
		72E97346211FD81F00D96DA4 /* Supporting Files */ = {
			isa = PBXGroup;
			children = (
				FBD9DC61211BE0CB001CE04E /* MTCoreDataModel.xcdatamodeld */,
				FB2989C321193BC10011025D /* main.m */,
				72E97348211FD81F00D96DA4 /* MTCommons.h */,
				72E97349211FD81F00D96DA4 /* MTHeaderPrefix.pch */,
			);
			path = "Supporting Files";
			sourceTree = "<group>";
		};
		FB2989A821193BC10011025D = {
			isa = PBXGroup;
			children = (
				FB2989B321193BC10011025D /* Momenting */,
				FB2989CC21193BC10011025D /* MomentingTests */,
				FB2989D721193BC10011025D /* MomentingUITests */,
				FB2989B221193BC10011025D /* Products */,
				477D2F23C8392C153D1061B0 /* Pods */,
				03ECB58D2B90DB55FD931AEF /* Frameworks */,
			);
			sourceTree = "<group>";
		};
		FB2989B221193BC10011025D /* Products */ = {
			isa = PBXGroup;
			children = (
				FB2989B121193BC10011025D /* Momenting.app */,
				FB2989C921193BC10011025D /* MomentingTests.xctest */,
				FB2989D421193BC10011025D /* MomentingUITests.xctest */,
			);
			name = Products;
			sourceTree = "<group>";
		};
		FB2989B321193BC10011025D /* Momenting */ = {
			isa = PBXGroup;
			children = (
				72E97321211FD1BB00D96DA4 /* Expand */,
				72E97307211FD02900D96DA4 /* Vender */,
				FB2989E6211940D10011025D /* Main */,
				FB2989B421193BC10011025D /* AppDelegate.h */,
				FB2989B521193BC10011025D /* AppDelegate.m */,
				FB2989BA21193BC10011025D /* Main.storyboard */,
				FB2989BF21193BC10011025D /* LaunchScreen.storyboard */,
				FB2989C221193BC10011025D /* Info.plist */,
				FB2989BD21193BC10011025D /* Assets.xcassets */,
				72E97346211FD81F00D96DA4 /* Supporting Files */,
			);
			path = Momenting;
			sourceTree = "<group>";
		};
		FB2989CC21193BC10011025D /* MomentingTests */ = {
			isa = PBXGroup;
			children = (
				FB2989CD21193BC10011025D /* MomentingTests.m */,
				FB2989CF21193BC10011025D /* Info.plist */,
			);
			path = MomentingTests;
			sourceTree = "<group>";
		};
		FB2989D721193BC10011025D /* MomentingUITests */ = {
			isa = PBXGroup;
			children = (
				FB2989D821193BC10011025D /* MomentingUITests.m */,
				FB2989DA21193BC10011025D /* Info.plist */,
			);
			path = MomentingUITests;
			sourceTree = "<group>";
		};
		FB2989E6211940D10011025D /* Main */ = {
			isa = PBXGroup;
			children = (
				FB3A96CC212286430033911E /* Detail */,
				72E972F5211FCEA500D96DA4 /* Other */,
				72E972B0211FCE8700D96DA4 /* Home */,
				72E972BE211FCE8700D96DA4 /* Note */,
				72E972A7211FCE8700D96DA4 /* Setting */,
			);
			path = Main;
			sourceTree = "<group>";
		};
		FB3A96CC212286430033911E /* Detail */ = {
			isa = PBXGroup;
			children = (
				FB3A96CE2122865E0033911E /* View */,
				FB3A96CD2122865E0033911E /* ViewController */,
			);
			path = Detail;
			sourceTree = "<group>";
		};
		FB3A96CD2122865E0033911E /* ViewController */ = {
			isa = PBXGroup;
			children = (
				FB3A96CF2122867C0033911E /* MTNoteDetailViewController.h */,
				FB3A96D02122867C0033911E /* MTNoteDetailViewController.m */,
				FB3A96D12122867C0033911E /* MTNoteDetailViewController.xib */,
			);
			path = ViewController;
			sourceTree = "<group>";
		};
		FB3A96CE2122865E0033911E /* View */ = {
			isa = PBXGroup;
			children = (
				FB0A376721241A8D007CB0DC /* MTNoteDetailSectionView.h */,
				FB0A376821241A8D007CB0DC /* MTNoteDetailSectionView.m */,
				FB0A376A21241A9A007CB0DC /* MTNoteDetailSectionView.xib */,
			);
			path = View;
			sourceTree = "<group>";
		};
		FB874AC7212160C90050DD58 /* Custom */ = {
			isa = PBXGroup;
			children = (
				FB874AC8212160FF0050DD58 /* MTDeleteStyleTableView.h */,
				FB874AC9212160FF0050DD58 /* MTDeleteStyleTableView.m */,
			);
			path = Custom;
			sourceTree = "<group>";
		};
		FBE5F23C21267B3B00B24208 /* Notification */ = {
			isa = PBXGroup;
			children = (
				FBE5F23D21267B6600B24208 /* MTNotificationManager.h */,
				FBE5F23E21267B6600B24208 /* MTNotificationManager.m */,
			);
			path = Notification;
			sourceTree = "<group>";
		};
/* End PBXGroup section */

/* Begin PBXNativeTarget section */
		FB2989B021193BC10011025D /* Momenting */ = {
			isa = PBXNativeTarget;
			buildConfigurationList = FB2989DD21193BC10011025D /* Build configuration list for PBXNativeTarget "Momenting" */;
			buildPhases = (
				BF20674BDACD8374CC145168 /* [CP] Check Pods Manifest.lock */,
				FB2989AD21193BC10011025D /* Sources */,
				FB2989AE21193BC10011025D /* Frameworks */,
				FB2989AF21193BC10011025D /* Resources */,
				150E040A58F4960E23034B5E /* [CP] Copy Pods Resources */,
			);
			buildRules = (
			);
			dependencies = (
			);
			name = Momenting;
			productName = Momenting;
			productReference = FB2989B121193BC10011025D /* Momenting.app */;
			productType = "com.apple.product-type.application";
		};
		FB2989C821193BC10011025D /* MomentingTests */ = {
			isa = PBXNativeTarget;
			buildConfigurationList = FB2989E021193BC10011025D /* Build configuration list for PBXNativeTarget "MomentingTests" */;
			buildPhases = (
				D5E596C86F25C2BD0967FD17 /* [CP] Check Pods Manifest.lock */,
				FB2989C521193BC10011025D /* Sources */,
				FB2989C621193BC10011025D /* Frameworks */,
				FB2989C721193BC10011025D /* Resources */,
			);
			buildRules = (
			);
			dependencies = (
				FB2989CB21193BC10011025D /* PBXTargetDependency */,
			);
			name = MomentingTests;
			productName = MomentingTests;
			productReference = FB2989C921193BC10011025D /* MomentingTests.xctest */;
			productType = "com.apple.product-type.bundle.unit-test";
		};
		FB2989D321193BC10011025D /* MomentingUITests */ = {
			isa = PBXNativeTarget;
			buildConfigurationList = FB2989E321193BC10011025D /* Build configuration list for PBXNativeTarget "MomentingUITests" */;
			buildPhases = (
				AE0C3552A8F2BD9F6FC68138 /* [CP] Check Pods Manifest.lock */,
				FB2989D021193BC10011025D /* Sources */,
				FB2989D121193BC10011025D /* Frameworks */,
				FB2989D221193BC10011025D /* Resources */,
			);
			buildRules = (
			);
			dependencies = (
				FB2989D621193BC10011025D /* PBXTargetDependency */,
			);
			name = MomentingUITests;
			productName = MomentingUITests;
			productReference = FB2989D421193BC10011025D /* MomentingUITests.xctest */;
			productType = "com.apple.product-type.bundle.ui-testing";
		};
/* End PBXNativeTarget section */

/* Begin PBXProject section */
		FB2989A921193BC10011025D /* Project object */ = {
			isa = PBXProject;
			attributes = {
				LastUpgradeCheck = 0920;
				ORGANIZATIONNAME = "xiaobai zhang";
				TargetAttributes = {
					FB2989B021193BC10011025D = {
						CreatedOnToolsVersion = 9.2;
						LastSwiftMigration = 0920;
						ProvisioningStyle = Automatic;
					};
					FB2989C821193BC10011025D = {
						CreatedOnToolsVersion = 9.2;
						ProvisioningStyle = Automatic;
						TestTargetID = FB2989B021193BC10011025D;
					};
					FB2989D321193BC10011025D = {
						CreatedOnToolsVersion = 9.2;
						ProvisioningStyle = Automatic;
						TestTargetID = FB2989B021193BC10011025D;
					};
				};
			};
			buildConfigurationList = FB2989AC21193BC10011025D /* Build configuration list for PBXProject "Momenting" */;
			compatibilityVersion = "Xcode 8.0";
			developmentRegion = en;
			hasScannedForEncodings = 0;
			knownRegions = (
				en,
				Base,
			);
			mainGroup = FB2989A821193BC10011025D;
			productRefGroup = FB2989B221193BC10011025D /* Products */;
			projectDirPath = "";
			projectRoot = "";
			targets = (
				FB2989B021193BC10011025D /* Momenting */,
				FB2989C821193BC10011025D /* MomentingTests */,
				FB2989D321193BC10011025D /* MomentingUITests */,
			);
		};
/* End PBXProject section */

/* Begin PBXResourcesBuildPhase section */
		FB2989AF21193BC10011025D /* Resources */ = {
			isa = PBXResourcesBuildPhase;
			buildActionMask = 2147483647;
			files = (
				72E972E4211FCE8700D96DA4 /* MTHomeTextViewCell.xib in Resources */,
				72E97305211FCEA500D96DA4 /* MTNavigationView.xib in Resources */,
				FB2989C121193BC10011025D /* LaunchScreen.storyboard in Resources */,
				FB0A37632123FEED007CB0DC /* MTActionToastView.xib in Resources */,
				722838372128700F003C28FD /* MTNoteSettingHeaderCell.xib in Resources */,
				FB2989BE21193BC10011025D /* Assets.xcassets in Resources */,
				FB3A96D32122867C0033911E /* MTNoteDetailViewController.xib in Resources */,
				FB0A376B21241A9A007CB0DC /* MTNoteDetailSectionView.xib in Resources */,
				72E972F2211FCE8700D96DA4 /* MTNoteToolsView.xib in Resources */,
				72E97301211FCEA500D96DA4 /* MTActionAlertView.xib in Resources */,
				72E972E2211FCE8700D96DA4 /* MTHomeSectionView.xib in Resources */,
				7228383F212872AD003C28FD /* MTNoteSettingContentCell.xib in Resources */,
				72E972EE211FCE8700D96DA4 /* MTNoteToolsImageCell.xib in Resources */,
				FB2989BC21193BC10011025D /* Main.storyboard in Resources */,
				72E972E0211FCE8700D96DA4 /* MTHomeEmptyView.xib in Resources */,
				72E972F4211FCE8700D96DA4 /* MTNoteViewController.xib in Resources */,
				72E972F0211FCE8700D96DA4 /* MTNoteToolsTextCell.xib in Resources */,
				72E97303211FCEA500D96DA4 /* MTActionSheetView.xib in Resources */,
			);
			runOnlyForDeploymentPostprocessing = 0;
		};
		FB2989C721193BC10011025D /* Resources */ = {
			isa = PBXResourcesBuildPhase;
			buildActionMask = 2147483647;
			files = (
			);
			runOnlyForDeploymentPostprocessing = 0;
		};
		FB2989D221193BC10011025D /* Resources */ = {
			isa = PBXResourcesBuildPhase;
			buildActionMask = 2147483647;
			files = (
			);
			runOnlyForDeploymentPostprocessing = 0;
		};
/* End PBXResourcesBuildPhase section */

/* Begin PBXShellScriptBuildPhase section */
		150E040A58F4960E23034B5E /* [CP] Copy Pods Resources */ = {
			isa = PBXShellScriptBuildPhase;
			buildActionMask = 2147483647;
			files = (
			);
			inputPaths = (
				"${SRCROOT}/Pods/Target Support Files/Pods-Momenting/Pods-Momenting-resources.sh",
				"${PODS_ROOT}/MJRefresh/MJRefresh/MJRefresh.bundle",
			);
			name = "[CP] Copy Pods Resources";
			outputPaths = (
				"${TARGET_BUILD_DIR}/${UNLOCALIZED_RESOURCES_FOLDER_PATH}/MJRefresh.bundle",
			);
			runOnlyForDeploymentPostprocessing = 0;
			shellPath = /bin/sh;
			shellScript = "\"${SRCROOT}/Pods/Target Support Files/Pods-Momenting/Pods-Momenting-resources.sh\"\n";
			showEnvVarsInLog = 0;
		};
		AE0C3552A8F2BD9F6FC68138 /* [CP] Check Pods Manifest.lock */ = {
			isa = PBXShellScriptBuildPhase;
			buildActionMask = 2147483647;
			files = (
			);
			inputPaths = (
				"${PODS_PODFILE_DIR_PATH}/Podfile.lock",
				"${PODS_ROOT}/Manifest.lock",
			);
			name = "[CP] Check Pods Manifest.lock";
			outputPaths = (
				"$(DERIVED_FILE_DIR)/Pods-MomentingUITests-checkManifestLockResult.txt",
			);
			runOnlyForDeploymentPostprocessing = 0;
			shellPath = /bin/sh;
			shellScript = "diff \"${PODS_PODFILE_DIR_PATH}/Podfile.lock\" \"${PODS_ROOT}/Manifest.lock\" > /dev/null\nif [ $? != 0 ] ; then\n    # print error to STDERR\n    echo \"error: The sandbox is not in sync with the Podfile.lock. Run 'pod install' or update your CocoaPods installation.\" >&2\n    exit 1\nfi\n# This output is used by Xcode 'outputs' to avoid re-running this script phase.\necho \"SUCCESS\" > \"${SCRIPT_OUTPUT_FILE_0}\"\n";
			showEnvVarsInLog = 0;
		};
		BF20674BDACD8374CC145168 /* [CP] Check Pods Manifest.lock */ = {
			isa = PBXShellScriptBuildPhase;
			buildActionMask = 2147483647;
			files = (
			);
			inputPaths = (
				"${PODS_PODFILE_DIR_PATH}/Podfile.lock",
				"${PODS_ROOT}/Manifest.lock",
			);
			name = "[CP] Check Pods Manifest.lock";
			outputPaths = (
				"$(DERIVED_FILE_DIR)/Pods-Momenting-checkManifestLockResult.txt",
			);
			runOnlyForDeploymentPostprocessing = 0;
			shellPath = /bin/sh;
			shellScript = "diff \"${PODS_PODFILE_DIR_PATH}/Podfile.lock\" \"${PODS_ROOT}/Manifest.lock\" > /dev/null\nif [ $? != 0 ] ; then\n    # print error to STDERR\n    echo \"error: The sandbox is not in sync with the Podfile.lock. Run 'pod install' or update your CocoaPods installation.\" >&2\n    exit 1\nfi\n# This output is used by Xcode 'outputs' to avoid re-running this script phase.\necho \"SUCCESS\" > \"${SCRIPT_OUTPUT_FILE_0}\"\n";
			showEnvVarsInLog = 0;
		};
		D5E596C86F25C2BD0967FD17 /* [CP] Check Pods Manifest.lock */ = {
			isa = PBXShellScriptBuildPhase;
			buildActionMask = 2147483647;
			files = (
			);
			inputPaths = (
				"${PODS_PODFILE_DIR_PATH}/Podfile.lock",
				"${PODS_ROOT}/Manifest.lock",
			);
			name = "[CP] Check Pods Manifest.lock";
			outputPaths = (
				"$(DERIVED_FILE_DIR)/Pods-MomentingTests-checkManifestLockResult.txt",
			);
			runOnlyForDeploymentPostprocessing = 0;
			shellPath = /bin/sh;
			shellScript = "diff \"${PODS_PODFILE_DIR_PATH}/Podfile.lock\" \"${PODS_ROOT}/Manifest.lock\" > /dev/null\nif [ $? != 0 ] ; then\n    # print error to STDERR\n    echo \"error: The sandbox is not in sync with the Podfile.lock. Run 'pod install' or update your CocoaPods installation.\" >&2\n    exit 1\nfi\n# This output is used by Xcode 'outputs' to avoid re-running this script phase.\necho \"SUCCESS\" > \"${SCRIPT_OUTPUT_FILE_0}\"\n";
			showEnvVarsInLog = 0;
		};
/* End PBXShellScriptBuildPhase section */

/* Begin PBXSourcesBuildPhase section */
		FB2989AD21193BC10011025D /* Sources */ = {
			isa = PBXSourcesBuildPhase;
			buildActionMask = 2147483647;
			files = (
				FB0A37612123EB83007CB0DC /* UIView+Category.m in Sources */,
				7228383E212872AD003C28FD /* MTNoteSettingContentCell.m in Sources */,
				72E972E7211FCE8700D96DA4 /* MTNoteImagePo+CoreDataProperties.m in Sources */,
				FB0A376921241A8D007CB0DC /* MTNoteDetailSectionView.m in Sources */,
				72E9733F211FD30C00D96DA4 /* UITableViewCell+Categoty.m in Sources */,
				72E972EA211FCE8700D96DA4 /* MTNotePo+CoreDataProperties.m in Sources */,
				72E972E9211FCE8700D96DA4 /* MTNotePo+CoreDataClass.m in Sources */,
				72E9732A211FD23700D96DA4 /* MTCoreDataManager.m in Sources */,
				72E972DE211FCE8700D96DA4 /* MTNoteSettingView.m in Sources */,
				72E97330211FD2B900D96DA4 /* MTSanboxFile.m in Sources */,
				72E97333211FD2C700D96DA4 /* MTMediaFileManager.m in Sources */,
				72E972E8211FCE8700D96DA4 /* MTNoteModel.m in Sources */,
				72E972DF211FCE8700D96DA4 /* MTHomeEmptyView.m in Sources */,
				72E97340211FD30C00D96DA4 /* UITextView+Category.m in Sources */,
				72E9733E211FD30C00D96DA4 /* UIColor+Hex.m in Sources */,
				72E972E1211FCE8700D96DA4 /* MTHomeSectionView.m in Sources */,
				72E972ED211FCE8700D96DA4 /* MTNoteToolsImageCell.m in Sources */,
				72E972EC211FCE8700D96DA4 /* MTNoteTextPo+CoreDataProperties.m in Sources */,
				72E97300211FCEA500D96DA4 /* MTActionAlertView.m in Sources */,
				72E972F3211FCE8700D96DA4 /* MTNoteViewController.m in Sources */,
				72E9732D211FD23F00D96DA4 /* MTDateFormatManager.m in Sources */,
				72E972EB211FCE8700D96DA4 /* MTNoteTextPo+CoreDataClass.m in Sources */,
				FBE5F23F21267B6600B24208 /* MTNotificationManager.m in Sources */,
				72E972EF211FCE8700D96DA4 /* MTNoteToolsTextCell.m in Sources */,
				FB2989C421193BC10011025D /* main.m in Sources */,
				FB2989B621193BC10011025D /* AppDelegate.m in Sources */,
				72E9734C211FD90600D96DA4 /* UIImage+ImageCompress.m in Sources */,
				72E972E6211FCE8700D96DA4 /* MTNoteImagePo+CoreDataClass.m in Sources */,
				FB0A37662123FF9F007CB0DC /* MTActionToastView.m in Sources */,
				72E97304211FCEA500D96DA4 /* MTNavigationView.m in Sources */,
				72E97345211FD68D00D96DA4 /* ViewController.m in Sources */,
				72E972F1211FCE8700D96DA4 /* MTNoteToolsView.m in Sources */,
				FB874ACA212160FF0050DD58 /* MTDeleteStyleTableView.m in Sources */,
				72E97302211FCEA500D96DA4 /* MTActionSheetView.m in Sources */,
				FB3A96D22122867C0033911E /* MTNoteDetailViewController.m in Sources */,
				72E97329211FD23700D96DA4 /* MTCoreDataDao.m in Sources */,
				722838362128700F003C28FD /* MTNoteSettingHeaderCell.m in Sources */,
				FBD9DC63211BE0CB001CE04E /* MTCoreDataModel.xcdatamodeld in Sources */,
				72E972E3211FCE8700D96DA4 /* MTHomeTextViewCell.m in Sources */,
			);
			runOnlyForDeploymentPostprocessing = 0;
		};
		FB2989C521193BC10011025D /* Sources */ = {
			isa = PBXSourcesBuildPhase;
			buildActionMask = 2147483647;
			files = (
				FB2989CE21193BC10011025D /* MomentingTests.m in Sources */,
			);
			runOnlyForDeploymentPostprocessing = 0;
		};
		FB2989D021193BC10011025D /* Sources */ = {
			isa = PBXSourcesBuildPhase;
			buildActionMask = 2147483647;
			files = (
				FB2989D921193BC10011025D /* MomentingUITests.m in Sources */,
			);
			runOnlyForDeploymentPostprocessing = 0;
		};
/* End PBXSourcesBuildPhase section */

/* Begin PBXTargetDependency section */
		FB2989CB21193BC10011025D /* PBXTargetDependency */ = {
			isa = PBXTargetDependency;
			target = FB2989B021193BC10011025D /* Momenting */;
			targetProxy = FB2989CA21193BC10011025D /* PBXContainerItemProxy */;
		};
		FB2989D621193BC10011025D /* PBXTargetDependency */ = {
			isa = PBXTargetDependency;
			target = FB2989B021193BC10011025D /* Momenting */;
			targetProxy = FB2989D521193BC10011025D /* PBXContainerItemProxy */;
		};
/* End PBXTargetDependency section */

/* Begin PBXVariantGroup section */
		FB2989BA21193BC10011025D /* Main.storyboard */ = {
			isa = PBXVariantGroup;
			children = (
				FB2989BB21193BC10011025D /* Base */,
			);
			name = Main.storyboard;
			sourceTree = "<group>";
		};
		FB2989BF21193BC10011025D /* LaunchScreen.storyboard */ = {
			isa = PBXVariantGroup;
			children = (
				FB2989C021193BC10011025D /* Base */,
			);
			name = LaunchScreen.storyboard;
			sourceTree = "<group>";
		};
/* End PBXVariantGroup section */

/* Begin XCBuildConfiguration section */
		FB2989DB21193BC10011025D /* Debug */ = {
			isa = XCBuildConfiguration;
			buildSettings = {
				ALWAYS_SEARCH_USER_PATHS = NO;
				CLANG_ANALYZER_NONNULL = YES;
				CLANG_ANALYZER_NUMBER_OBJECT_CONVERSION = YES_AGGRESSIVE;
				CLANG_CXX_LANGUAGE_STANDARD = "gnu++14";
				CLANG_CXX_LIBRARY = "libc++";
				CLANG_ENABLE_MODULES = YES;
				CLANG_ENABLE_OBJC_ARC = YES;
				CLANG_WARN_BLOCK_CAPTURE_AUTORELEASING = YES;
				CLANG_WARN_BOOL_CONVERSION = YES;
				CLANG_WARN_COMMA = YES;
				CLANG_WARN_CONSTANT_CONVERSION = YES;
				CLANG_WARN_DIRECT_OBJC_ISA_USAGE = YES_ERROR;
				CLANG_WARN_DOCUMENTATION_COMMENTS = YES;
				CLANG_WARN_EMPTY_BODY = YES;
				CLANG_WARN_ENUM_CONVERSION = YES;
				CLANG_WARN_INFINITE_RECURSION = YES;
				CLANG_WARN_INT_CONVERSION = YES;
				CLANG_WARN_NON_LITERAL_NULL_CONVERSION = YES;
				CLANG_WARN_OBJC_LITERAL_CONVERSION = YES;
				CLANG_WARN_OBJC_ROOT_CLASS = YES_ERROR;
				CLANG_WARN_RANGE_LOOP_ANALYSIS = YES;
				CLANG_WARN_STRICT_PROTOTYPES = YES;
				CLANG_WARN_SUSPICIOUS_MOVE = YES;
				CLANG_WARN_UNGUARDED_AVAILABILITY = YES_AGGRESSIVE;
				CLANG_WARN_UNREACHABLE_CODE = YES;
				CLANG_WARN__DUPLICATE_METHOD_MATCH = YES;
				CODE_SIGN_IDENTITY = "iPhone Developer";
				COPY_PHASE_STRIP = NO;
				DEBUG_INFORMATION_FORMAT = dwarf;
				ENABLE_STRICT_OBJC_MSGSEND = YES;
				ENABLE_TESTABILITY = YES;
				GCC_C_LANGUAGE_STANDARD = gnu11;
				GCC_DYNAMIC_NO_PIC = NO;
				GCC_NO_COMMON_BLOCKS = YES;
				GCC_OPTIMIZATION_LEVEL = 0;
				GCC_PREPROCESSOR_DEFINITIONS = (
					"DEBUG=1",
					"$(inherited)",
				);
				GCC_WARN_64_TO_32_BIT_CONVERSION = YES;
				GCC_WARN_ABOUT_RETURN_TYPE = YES_ERROR;
				GCC_WARN_UNDECLARED_SELECTOR = YES;
				GCC_WARN_UNINITIALIZED_AUTOS = YES_AGGRESSIVE;
				GCC_WARN_UNUSED_FUNCTION = YES;
				GCC_WARN_UNUSED_VARIABLE = YES;
				IPHONEOS_DEPLOYMENT_TARGET = 11.2;
				MTL_ENABLE_DEBUG_INFO = YES;
				ONLY_ACTIVE_ARCH = YES;
				SDKROOT = iphoneos;
			};
			name = Debug;
		};
		FB2989DC21193BC10011025D /* Release */ = {
			isa = XCBuildConfiguration;
			buildSettings = {
				ALWAYS_SEARCH_USER_PATHS = NO;
				CLANG_ANALYZER_NONNULL = YES;
				CLANG_ANALYZER_NUMBER_OBJECT_CONVERSION = YES_AGGRESSIVE;
				CLANG_CXX_LANGUAGE_STANDARD = "gnu++14";
				CLANG_CXX_LIBRARY = "libc++";
				CLANG_ENABLE_MODULES = YES;
				CLANG_ENABLE_OBJC_ARC = YES;
				CLANG_WARN_BLOCK_CAPTURE_AUTORELEASING = YES;
				CLANG_WARN_BOOL_CONVERSION = YES;
				CLANG_WARN_COMMA = YES;
				CLANG_WARN_CONSTANT_CONVERSION = YES;
				CLANG_WARN_DIRECT_OBJC_ISA_USAGE = YES_ERROR;
				CLANG_WARN_DOCUMENTATION_COMMENTS = YES;
				CLANG_WARN_EMPTY_BODY = YES;
				CLANG_WARN_ENUM_CONVERSION = YES;
				CLANG_WARN_INFINITE_RECURSION = YES;
				CLANG_WARN_INT_CONVERSION = YES;
				CLANG_WARN_NON_LITERAL_NULL_CONVERSION = YES;
				CLANG_WARN_OBJC_LITERAL_CONVERSION = YES;
				CLANG_WARN_OBJC_ROOT_CLASS = YES_ERROR;
				CLANG_WARN_RANGE_LOOP_ANALYSIS = YES;
				CLANG_WARN_STRICT_PROTOTYPES = YES;
				CLANG_WARN_SUSPICIOUS_MOVE = YES;
				CLANG_WARN_UNGUARDED_AVAILABILITY = YES_AGGRESSIVE;
				CLANG_WARN_UNREACHABLE_CODE = YES;
				CLANG_WARN__DUPLICATE_METHOD_MATCH = YES;
				CODE_SIGN_IDENTITY = "iPhone Developer";
				COPY_PHASE_STRIP = NO;
				DEBUG_INFORMATION_FORMAT = "dwarf-with-dsym";
				ENABLE_NS_ASSERTIONS = NO;
				ENABLE_STRICT_OBJC_MSGSEND = YES;
				GCC_C_LANGUAGE_STANDARD = gnu11;
				GCC_NO_COMMON_BLOCKS = YES;
				GCC_WARN_64_TO_32_BIT_CONVERSION = YES;
				GCC_WARN_ABOUT_RETURN_TYPE = YES_ERROR;
				GCC_WARN_UNDECLARED_SELECTOR = YES;
				GCC_WARN_UNINITIALIZED_AUTOS = YES_AGGRESSIVE;
				GCC_WARN_UNUSED_FUNCTION = YES;
				GCC_WARN_UNUSED_VARIABLE = YES;
				IPHONEOS_DEPLOYMENT_TARGET = 11.2;
				MTL_ENABLE_DEBUG_INFO = NO;
				SDKROOT = iphoneos;
				VALIDATE_PRODUCT = YES;
			};
			name = Release;
		};
		FB2989DE21193BC10011025D /* Debug */ = {
			isa = XCBuildConfiguration;
			baseConfigurationReference = 8718DCF41C4CCA2D889767B9 /* Pods-Momenting.debug.xcconfig */;
			buildSettings = {
				ASSETCATALOG_COMPILER_APPICON_NAME = AppIcon;
				CLANG_ENABLE_MODULES = YES;
				"CODE_SIGN_IDENTITY[sdk=iphoneos*]" = "iPhone Developer";
				CODE_SIGN_STYLE = Automatic;
				DEVELOPMENT_TEAM = GY3B636822;
				GCC_PREFIX_HEADER = "$(SRCROOT)/Momenting/Supporting Files/MTHeaderPrefix.pch";
				INFOPLIST_FILE = Momenting/Info.plist;
				IPHONEOS_DEPLOYMENT_TARGET = 11.0;
				LD_RUNPATH_SEARCH_PATHS = "$(inherited) @executable_path/Frameworks";
				PRODUCT_BUNDLE_IDENTIFIER = com.huaral.com.Momenting;
				PRODUCT_NAME = "$(TARGET_NAME)";
				PROVISIONING_PROFILE = "";
				PROVISIONING_PROFILE_SPECIFIER = "";
				SWIFT_OBJC_BRIDGING_HEADER = "Momenting/Main/View/Momenting-Bridging-Header.h";
				SWIFT_OPTIMIZATION_LEVEL = "-Onone";
				SWIFT_VERSION = 3.0;
				TARGETED_DEVICE_FAMILY = "1,2";
			};
			name = Debug;
		};
		FB2989DF21193BC10011025D /* Release */ = {
			isa = XCBuildConfiguration;
			baseConfigurationReference = CBE9C524DC1AB51CBB12ACF5 /* Pods-Momenting.release.xcconfig */;
			buildSettings = {
				ASSETCATALOG_COMPILER_APPICON_NAME = AppIcon;
				CLANG_ENABLE_MODULES = YES;
				"CODE_SIGN_IDENTITY[sdk=iphoneos*]" = "iPhone Developer";
				CODE_SIGN_STYLE = Automatic;
				DEVELOPMENT_TEAM = GY3B636822;
				GCC_PREFIX_HEADER = "$(SRCROOT)/Momenting/Supporting Files/MTHeaderPrefix.pch";
				INFOPLIST_FILE = Momenting/Info.plist;
				IPHONEOS_DEPLOYMENT_TARGET = 11.0;
				LD_RUNPATH_SEARCH_PATHS = "$(inherited) @executable_path/Frameworks";
				PRODUCT_BUNDLE_IDENTIFIER = com.huaral.com.Momenting;
				PRODUCT_NAME = "$(TARGET_NAME)";
				PROVISIONING_PROFILE = "";
				PROVISIONING_PROFILE_SPECIFIER = "";
				SWIFT_OBJC_BRIDGING_HEADER = "Momenting/Main/View/Momenting-Bridging-Header.h";
				SWIFT_VERSION = 3.0;
				TARGETED_DEVICE_FAMILY = "1,2";
			};
			name = Release;
		};
		FB2989E121193BC10011025D /* Debug */ = {
			isa = XCBuildConfiguration;
			baseConfigurationReference = 394B147571E7885531BEE82F /* Pods-MomentingTests.debug.xcconfig */;
			buildSettings = {
				BUNDLE_LOADER = "$(TEST_HOST)";
				CODE_SIGN_STYLE = Automatic;
				INFOPLIST_FILE = MomentingTests/Info.plist;
				LD_RUNPATH_SEARCH_PATHS = "$(inherited) @executable_path/Frameworks @loader_path/Frameworks";
				PRODUCT_BUNDLE_IDENTIFIER = "app-huaral.com.MomentingTests";
				PRODUCT_NAME = "$(TARGET_NAME)";
				TARGETED_DEVICE_FAMILY = "1,2";
				TEST_HOST = "$(BUILT_PRODUCTS_DIR)/Momenting.app/Momenting";
			};
			name = Debug;
		};
		FB2989E221193BC10011025D /* Release */ = {
			isa = XCBuildConfiguration;
			baseConfigurationReference = 0E871D87A53CD8759F3EA067 /* Pods-MomentingTests.release.xcconfig */;
			buildSettings = {
				BUNDLE_LOADER = "$(TEST_HOST)";
				CODE_SIGN_STYLE = Automatic;
				INFOPLIST_FILE = MomentingTests/Info.plist;
				LD_RUNPATH_SEARCH_PATHS = "$(inherited) @executable_path/Frameworks @loader_path/Frameworks";
				PRODUCT_BUNDLE_IDENTIFIER = "app-huaral.com.MomentingTests";
				PRODUCT_NAME = "$(TARGET_NAME)";
				TARGETED_DEVICE_FAMILY = "1,2";
				TEST_HOST = "$(BUILT_PRODUCTS_DIR)/Momenting.app/Momenting";
			};
			name = Release;
		};
		FB2989E421193BC10011025D /* Debug */ = {
			isa = XCBuildConfiguration;
			baseConfigurationReference = 9CE1ACC19912647F1BB86C06 /* Pods-MomentingUITests.debug.xcconfig */;
			buildSettings = {
				CODE_SIGN_STYLE = Automatic;
				INFOPLIST_FILE = MomentingUITests/Info.plist;
				LD_RUNPATH_SEARCH_PATHS = "$(inherited) @executable_path/Frameworks @loader_path/Frameworks";
				PRODUCT_BUNDLE_IDENTIFIER = "app-huaral.com.MomentingUITests";
				PRODUCT_NAME = "$(TARGET_NAME)";
				TARGETED_DEVICE_FAMILY = "1,2";
				TEST_TARGET_NAME = Momenting;
			};
			name = Debug;
		};
		FB2989E521193BC10011025D /* Release */ = {
			isa = XCBuildConfiguration;
			baseConfigurationReference = F05DA3419D69EB65736AF8B7 /* Pods-MomentingUITests.release.xcconfig */;
			buildSettings = {
				CODE_SIGN_STYLE = Automatic;
				INFOPLIST_FILE = MomentingUITests/Info.plist;
				LD_RUNPATH_SEARCH_PATHS = "$(inherited) @executable_path/Frameworks @loader_path/Frameworks";
				PRODUCT_BUNDLE_IDENTIFIER = "app-huaral.com.MomentingUITests";
				PRODUCT_NAME = "$(TARGET_NAME)";
				TARGETED_DEVICE_FAMILY = "1,2";
				TEST_TARGET_NAME = Momenting;
			};
			name = Release;
		};
/* End XCBuildConfiguration section */

/* Begin XCConfigurationList section */
		FB2989AC21193BC10011025D /* Build configuration list for PBXProject "Momenting" */ = {
			isa = XCConfigurationList;
			buildConfigurations = (
				FB2989DB21193BC10011025D /* Debug */,
				FB2989DC21193BC10011025D /* Release */,
			);
			defaultConfigurationIsVisible = 0;
			defaultConfigurationName = Release;
		};
		FB2989DD21193BC10011025D /* Build configuration list for PBXNativeTarget "Momenting" */ = {
			isa = XCConfigurationList;
			buildConfigurations = (
				FB2989DE21193BC10011025D /* Debug */,
				FB2989DF21193BC10011025D /* Release */,
			);
			defaultConfigurationIsVisible = 0;
			defaultConfigurationName = Release;
		};
		FB2989E021193BC10011025D /* Build configuration list for PBXNativeTarget "MomentingTests" */ = {
			isa = XCConfigurationList;
			buildConfigurations = (
				FB2989E121193BC10011025D /* Debug */,
				FB2989E221193BC10011025D /* Release */,
			);
			defaultConfigurationIsVisible = 0;
			defaultConfigurationName = Release;
		};
		FB2989E321193BC10011025D /* Build configuration list for PBXNativeTarget "MomentingUITests" */ = {
			isa = XCConfigurationList;
			buildConfigurations = (
				FB2989E421193BC10011025D /* Debug */,
				FB2989E521193BC10011025D /* Release */,
			);
			defaultConfigurationIsVisible = 0;
			defaultConfigurationName = Release;
		};
/* End XCConfigurationList section */

/* Begin XCVersionGroup section */
		FBD9DC61211BE0CB001CE04E /* MTCoreDataModel.xcdatamodeld */ = {
			isa = XCVersionGroup;
			children = (
				FBD9DC62211BE0CB001CE04E /* MTCoreDataModel.xcdatamodel */,
			);
			currentVersion = FBD9DC62211BE0CB001CE04E /* MTCoreDataModel.xcdatamodel */;
			path = MTCoreDataModel.xcdatamodeld;
			sourceTree = "<group>";
			versionGroupType = wrapper.xcdatamodel;
		};
/* End XCVersionGroup section */
	};
	rootObject = FB2989A921193BC10011025D /* Project object */;
}
